// !$*UTF8*$!
{
	archiveVersion = 1;
	classes = {
	};
	objectVersion = 55;
	objects = {

/* Begin PBXBuildFile section */
		D01357A1293B2BED00F476FD /* CustomFloatingTextField.swift in Sources */ = {isa = PBXBuildFile; fileRef = D01357A0293B2BED00F476FD /* CustomFloatingTextField.swift */; };
		D01357A3293B2C4B00F476FD /* UnderlineTextField.swift in Sources */ = {isa = PBXBuildFile; fileRef = D01357A2293B2C4B00F476FD /* UnderlineTextField.swift */; };
		D01357A5293B2DA000F476FD /* DropdownSelector.swift in Sources */ = {isa = PBXBuildFile; fileRef = D01357A4293B2DA000F476FD /* DropdownSelector.swift */; };
		D01357A8293B352A00F476FD /* ProfileView.swift in Sources */ = {isa = PBXBuildFile; fileRef = D01357A7293B352A00F476FD /* ProfileView.swift */; };
		D01357AA293B3BB300F476FD /* AccountSettingView.swift in Sources */ = {isa = PBXBuildFile; fileRef = D01357A9293B3BB300F476FD /* AccountSettingView.swift */; };
		D01357AD293B47B900F476FD /* ImageSliderViews.swift in Sources */ = {isa = PBXBuildFile; fileRef = D01357AC293B47B900F476FD /* ImageSliderViews.swift */; };
		D02002A3295DB8850090E1E5 /* LoginPageView.swift in Sources */ = {isa = PBXBuildFile; fileRef = D02002A2295DB8840090E1E5 /* LoginPageView.swift */; };
		D02BC0AD29E43DF20054BE91 /* GuestStackBookListView.swift in Sources */ = {isa = PBXBuildFile; fileRef = D02BC0AC29E43DF20054BE91 /* GuestStackBookListView.swift */; };
		D02D4FB329796649006318E4 /* QRGeneratorView.swift in Sources */ = {isa = PBXBuildFile; fileRef = D02D4FB229796649006318E4 /* QRGeneratorView.swift */; };
		D0337BA629559B7E009C3367 /* LoginPlansView.swift in Sources */ = {isa = PBXBuildFile; fileRef = D0337BA529559B7E009C3367 /* LoginPlansView.swift */; };
		D039FCA728B77A070006DB32 /* SearchMenu.swift in Sources */ = {isa = PBXBuildFile; fileRef = D039FCA628B77A070006DB32 /* SearchMenu.swift */; };
		D03ACD4E29DEE92E000E3D41 /* NavHeaderClosure.swift in Sources */ = {isa = PBXBuildFile; fileRef = D03ACD4D29DEE92E000E3D41 /* NavHeaderClosure.swift */; };
		D03EA39728A792E700D9C4E8 /* HomeView.swift in Sources */ = {isa = PBXBuildFile; fileRef = D03EA39628A792E700D9C4E8 /* HomeView.swift */; };
		D03EA39928A7960400D9C4E8 /* PDFKitView.swift in Sources */ = {isa = PBXBuildFile; fileRef = D03EA39828A7960400D9C4E8 /* PDFKitView.swift */; };
		D03EA39E28A79F7700D9C4E8 /* DocumentView.swift in Sources */ = {isa = PBXBuildFile; fileRef = D03EA39D28A79F7700D9C4E8 /* DocumentView.swift */; };
		D03FA9F32952FA4600C09495 /* CategoriesView.swift in Sources */ = {isa = PBXBuildFile; fileRef = D03FA9F22952FA4600C09495 /* CategoriesView.swift */; };
		D042B0CE2940B62B00026875 /* JWTAuthExample.swift in Sources */ = {isa = PBXBuildFile; fileRef = D042B0CD2940B62B00026875 /* JWTAuthExample.swift */; };
		D043DF81289E423600159269 /* CkeckoutView.swift in Sources */ = {isa = PBXBuildFile; fileRef = D043DF80289E423600159269 /* CkeckoutView.swift */; };
		D043DF9F289E7B0600159269 /* UserAuth.swift in Sources */ = {isa = PBXBuildFile; fileRef = D043DF9E289E7B0600159269 /* UserAuth.swift */; };
		D044C587299A62F200881D26 /* ShareView.swift in Sources */ = {isa = PBXBuildFile; fileRef = D044C586299A62F200881D26 /* ShareView.swift */; };
		D04581D1297E7D9400B32575 /* PurchagedBooksView.swift in Sources */ = {isa = PBXBuildFile; fileRef = D04581D0297E7D9400B32575 /* PurchagedBooksView.swift */; };
		D047013F2943397C00EDB8C5 /* NotificationsView.swift in Sources */ = {isa = PBXBuildFile; fileRef = D047013E2943397C00EDB8C5 /* NotificationsView.swift */; };
		D0472E9B2954372F00E84B1E /* HomePublisherView.swift in Sources */ = {isa = PBXBuildFile; fileRef = D0472E9A2954372F00E84B1E /* HomePublisherView.swift */; };
		D04888FE2947103800FB5A6F /* ReadCreditView.swift in Sources */ = {isa = PBXBuildFile; fileRef = D04888FD2947103800FB5A6F /* ReadCreditView.swift */; };
		D0488900294711FC00FB5A6F /* AboutUsAlertView.swift in Sources */ = {isa = PBXBuildFile; fileRef = D04888FF294711FC00FB5A6F /* AboutUsAlertView.swift */; };
		D04889022947125400FB5A6F /* HtmlFormattedText.swift in Sources */ = {isa = PBXBuildFile; fileRef = D04889012947125400FB5A6F /* HtmlFormattedText.swift */; };
		D04889042947447A00FB5A6F /* JWTAuthenticationExampleView.swift in Sources */ = {isa = PBXBuildFile; fileRef = D04889032947447900FB5A6F /* JWTAuthenticationExampleView.swift */; };
		D049B70B29AA25D7008B2AC5 /* GuestUploadListView.swift in Sources */ = {isa = PBXBuildFile; fileRef = D049B70A29AA25D7008B2AC5 /* GuestUploadListView.swift */; };
		D04A064229A608A00032AAFC /* TimerView.swift in Sources */ = {isa = PBXBuildFile; fileRef = D04A064129A608A00032AAFC /* TimerView.swift */; };
		D04B79F329A0C74800D511D0 /* SubscribeView.swift in Sources */ = {isa = PBXBuildFile; fileRef = D04B79F229A0C74800D511D0 /* SubscribeView.swift */; };
		D04DD6A728ACCB51004C8773 /* PSPDFKITView.swift in Sources */ = {isa = PBXBuildFile; fileRef = D04DD6A628ACCB51004C8773 /* PSPDFKITView.swift */; };
		D04DD6A928ACD886004C8773 /* document.pdf in Resources */ = {isa = PBXBuildFile; fileRef = D04DD6A828ACD885004C8773 /* document.pdf */; };
		D04E1B9B29BC6C46000EFDD1 /* ReportedBooklistView.swift in Sources */ = {isa = PBXBuildFile; fileRef = D04E1B9A29BC6C46000EFDD1 /* ReportedBooklistView.swift */; };
		D05031642A2DBA03002C8BD1 /* AppInfo.swift in Sources */ = {isa = PBXBuildFile; fileRef = D05031632A2DBA03002C8BD1 /* AppInfo.swift */; };
		D051F5B229AF69900072CA67 /* GuestDeleteListView.swift in Sources */ = {isa = PBXBuildFile; fileRef = D051F5B129AF69900072CA67 /* GuestDeleteListView.swift */; };
		D0522F9F293DC63D00B26278 /* String+Extension.swift in Sources */ = {isa = PBXBuildFile; fileRef = D0522F9E293DC63D00B26278 /* String+Extension.swift */; };
		D0522FA1293DD32B00B26278 /* DashboardTileView.swift in Sources */ = {isa = PBXBuildFile; fileRef = D0522FA0293DD32B00B26278 /* DashboardTileView.swift */; };
		D0522FA3293DD3E800B26278 /* CustomNavBarView.swift in Sources */ = {isa = PBXBuildFile; fileRef = D0522FA2293DD3E800B26278 /* CustomNavBarView.swift */; };
		D0522FA5293DECB800B26278 /* StacksView.swift in Sources */ = {isa = PBXBuildFile; fileRef = D0522FA4293DECB800B26278 /* StacksView.swift */; };
		D0522FA7293E070300B26278 /* UploadListView.swift in Sources */ = {isa = PBXBuildFile; fileRef = D0522FA6293E070300B26278 /* UploadListView.swift */; };
		D05267D72956E4770030B70D /* LoginPlanViewModel.swift in Sources */ = {isa = PBXBuildFile; fileRef = D05267D62956E4770030B70D /* LoginPlanViewModel.swift */; };
		D052D41E294B0742007F3667 /* ApiUtils.swift in Sources */ = {isa = PBXBuildFile; fileRef = D052D41D294B0742007F3667 /* ApiUtils.swift */; };
		D054134A293F3AC300826D8B /* LoginAPiView.swift in Sources */ = {isa = PBXBuildFile; fileRef = D0541349293F3AC300826D8B /* LoginAPiView.swift */; };
		D05417D4295C41F500E3ABB2 /* PrimePurchageAlertView.swift in Sources */ = {isa = PBXBuildFile; fileRef = D05417D3295C41F500E3ABB2 /* PrimePurchageAlertView.swift */; };
		D05449B228A0EA5B006A17E9 /* VideoPlayerView.swift in Sources */ = {isa = PBXBuildFile; fileRef = D05449B128A0EA5B006A17E9 /* VideoPlayerView.swift */; };
		D054887D28B0DF4A0076FDCA /* modelData.swift in Sources */ = {isa = PBXBuildFile; fileRef = D054887C28B0DF490076FDCA /* modelData.swift */; };
		D055AABD28A2500900F46706 /* webView.swift in Sources */ = {isa = PBXBuildFile; fileRef = D055AABC28A2500900F46706 /* webView.swift */; };
		D055AAC528A2705C00F46706 /* dataType.swift in Sources */ = {isa = PBXBuildFile; fileRef = D055AAC428A2705C00F46706 /* dataType.swift */; };
		D055FD4B28B36765009059F7 /* ModelView.swift in Sources */ = {isa = PBXBuildFile; fileRef = D055FD4A28B36765009059F7 /* ModelView.swift */; };
		D05640DC29AB75FF0076DA54 /* GuestDraftView.swift in Sources */ = {isa = PBXBuildFile; fileRef = D05640DB29AB75FF0076DA54 /* GuestDraftView.swift */; };
		D056960829B0B70300890EC0 /* GuestUnPublishedView.swift in Sources */ = {isa = PBXBuildFile; fileRef = D056960729B0B70300890EC0 /* GuestUnPublishedView.swift */; };
		D056EDD128A128E3005BC4FC /* NewsAPIView.swift in Sources */ = {isa = PBXBuildFile; fileRef = D056EDD028A128E3005BC4FC /* NewsAPIView.swift */; };
		D056FDBB29DD585D001EDFE2 /* BookReportView.swift in Sources */ = {isa = PBXBuildFile; fileRef = D056FDBA29DD585D001EDFE2 /* BookReportView.swift */; };
		D056FDBD29DD6E62001EDFE2 /* BookQRCodeView.swift in Sources */ = {isa = PBXBuildFile; fileRef = D056FDBC29DD6E62001EDFE2 /* BookQRCodeView.swift */; };
		D057F2B9296D818500ED964E /* UserAccountSettingView.swift in Sources */ = {isa = PBXBuildFile; fileRef = D057F2B8296D818500ED964E /* UserAccountSettingView.swift */; };
		D058C96328B4B1F800BDBEF1 /* SideMenuViews.swift in Sources */ = {isa = PBXBuildFile; fileRef = D058C96228B4B1F800BDBEF1 /* SideMenuViews.swift */; };
		D058C96A28B5075F00BDBEF1 /* CorouselView.swift in Sources */ = {isa = PBXBuildFile; fileRef = D058C96928B5075F00BDBEF1 /* CorouselView.swift */; };
		D05AEC8A29CAEBF400D92174 /* BookThumbnailView.swift in Sources */ = {isa = PBXBuildFile; fileRef = D05AEC8929CAEBF400D92174 /* BookThumbnailView.swift */; };
		D05B931829D2D93E00D66392 /* ImageAutoSlider.swift in Sources */ = {isa = PBXBuildFile; fileRef = D05B931729D2D93E00D66392 /* ImageAutoSlider.swift */; };
		D05B931A29D31C9D00D66392 /* MagazineBannerView.swift in Sources */ = {isa = PBXBuildFile; fileRef = D05B931929D31C9C00D66392 /* MagazineBannerView.swift */; };
		D05C2BC429A76A1300311832 /* BookRequestView.swift in Sources */ = {isa = PBXBuildFile; fileRef = D05C2BC329A76A1300311832 /* BookRequestView.swift */; };
		D05D428E29CD7B750057EB90 /* LatestMagazineView.swift in Sources */ = {isa = PBXBuildFile; fileRef = D05D428D29CD7B750057EB90 /* LatestMagazineView.swift */; };
		D065C80D2A3C48A300C1F6A6 /* StudentAssignmentView.swift in Sources */ = {isa = PBXBuildFile; fileRef = D065C80C2A3C48A300C1F6A6 /* StudentAssignmentView.swift */; };
		D069104E29C05F4300C5568A /* AlibraryWebView.swift in Sources */ = {isa = PBXBuildFile; fileRef = D069104D29C05F4300C5568A /* AlibraryWebView.swift */; };
		D069105029C06DA100C5568A /* GuestPublishedView.swift in Sources */ = {isa = PBXBuildFile; fileRef = D069104F29C06DA100C5568A /* GuestPublishedView.swift */; };
		D069541729C841A500DE47EF /* SearchContentView.swift in Sources */ = {isa = PBXBuildFile; fileRef = D069541629C841A500DE47EF /* SearchContentView.swift */; };
		D069541929C841DA00DE47EF /* PDFKitViews.swift in Sources */ = {isa = PBXBuildFile; fileRef = D069541829C841DA00DE47EF /* PDFKitViews.swift */; };
		D06ADA372966B9F00068277C /* CopyRightView.swift in Sources */ = {isa = PBXBuildFile; fileRef = D06ADA362966B9F00068277C /* CopyRightView.swift */; };
		D06C198A2A3DB382003EC996 /* StudentBookBundleView.swift in Sources */ = {isa = PBXBuildFile; fileRef = D06C19892A3DB382003EC996 /* StudentBookBundleView.swift */; };
		D07285262A3B2A630040EDDF /* StudentCourseView.swift in Sources */ = {isa = PBXBuildFile; fileRef = D07285252A3B2A630040EDDF /* StudentCourseView.swift */; };
		D07338FF2A273F1F00280D48 /* MACAddressView.swift in Sources */ = {isa = PBXBuildFile; fileRef = D07338FE2A273F1F00280D48 /* MACAddressView.swift */; };
		D0735EDA29728D8600E862FE /* CustomAlertView.swift in Sources */ = {isa = PBXBuildFile; fileRef = D0735ED929728D8600E862FE /* CustomAlertView.swift */; };
		D0745A5529FD28A1005727B8 /* LectureVideoView.swift in Sources */ = {isa = PBXBuildFile; fileRef = D0745A5429FD28A1005727B8 /* LectureVideoView.swift */; };
		D075D187289D3C8000C52AC1 /* DemoApp.swift in Sources */ = {isa = PBXBuildFile; fileRef = D075D186289D3C8000C52AC1 /* DemoApp.swift */; };
		D075D189289D3C8000C52AC1 /* ContentView.swift in Sources */ = {isa = PBXBuildFile; fileRef = D075D188289D3C8000C52AC1 /* ContentView.swift */; };
		D075D18B289D3C8100C52AC1 /* Assets.xcassets in Resources */ = {isa = PBXBuildFile; fileRef = D075D18A289D3C8100C52AC1 /* Assets.xcassets */; };
		D075D18E289D3C8100C52AC1 /* Preview Assets.xcassets in Resources */ = {isa = PBXBuildFile; fileRef = D075D18D289D3C8100C52AC1 /* Preview Assets.xcassets */; };
		D075D198289D3C8100C52AC1 /* DemoTests.swift in Sources */ = {isa = PBXBuildFile; fileRef = D075D197289D3C8100C52AC1 /* DemoTests.swift */; };
		D075D1A2289D3C8100C52AC1 /* DemoUITests.swift in Sources */ = {isa = PBXBuildFile; fileRef = D075D1A1289D3C8100C52AC1 /* DemoUITests.swift */; };
		D075D1A4289D3C8100C52AC1 /* DemoUITestsLaunchTests.swift in Sources */ = {isa = PBXBuildFile; fileRef = D075D1A3289D3C8100C52AC1 /* DemoUITestsLaunchTests.swift */; };
		D076764229E5383500B57FE7 /* PagerTabStripView.swift in Sources */ = {isa = PBXBuildFile; fileRef = D076764129E5383500B57FE7 /* PagerTabStripView.swift */; };
		D0774D0A29F6617400C4EF24 /* BookRequestListShowView.swift in Sources */ = {isa = PBXBuildFile; fileRef = D0774D0929F6617400C4EF24 /* BookRequestListShowView.swift */; };
		D07857A029F905A800AFFE60 /* GuestLoginSidemenuView.swift in Sources */ = {isa = PBXBuildFile; fileRef = D078579F29F905A800AFFE60 /* GuestLoginSidemenuView.swift */; };
		D078FCE82969670E00AE82A8 /* CorouserView.swift in Sources */ = {isa = PBXBuildFile; fileRef = D078FCE72969670E00AE82A8 /* CorouserView.swift */; };
		D07929E0299643F300D86174 /* StackBookListView.swift in Sources */ = {isa = PBXBuildFile; fileRef = D07929DF299643F300D86174 /* StackBookListView.swift */; };
		D07A136B2A370D2100EFEB07 /* StudentDashBoardView.swift in Sources */ = {isa = PBXBuildFile; fileRef = D07A136A2A370D2100EFEB07 /* StudentDashBoardView.swift */; };
		D07C859C29E92F43001DBBAF /* UserGuideView.swift in Sources */ = {isa = PBXBuildFile; fileRef = D07C859B29E92F43001DBBAF /* UserGuideView.swift */; };
		D07C859E29E94C0D001DBBAF /* UserGuidePdfView.swift in Sources */ = {isa = PBXBuildFile; fileRef = D07C859D29E94C0D001DBBAF /* UserGuidePdfView.swift */; };
		D07D0D83298A89E000B022DD /* AppDelegate.swift in Sources */ = {isa = PBXBuildFile; fileRef = D07D0D82298A89E000B022DD /* AppDelegate.swift */; };
		D07D7A2F29E168F70062FA9E /* GuestUserStackView.swift in Sources */ = {isa = PBXBuildFile; fileRef = D07D7A2E29E168F70062FA9E /* GuestUserStackView.swift */; };
		D07E07832A13A28700C94229 /* GifImageView.swift in Sources */ = {isa = PBXBuildFile; fileRef = D07E07822A13A28700C94229 /* GifImageView.swift */; };
		D07E07882A13A3ED00C94229 /* sound.gif in Resources */ = {isa = PBXBuildFile; fileRef = D07E07872A13A3EC00C94229 /* sound.gif */; };
		D07E078C2A13AAE200C94229 /* music.gif in Resources */ = {isa = PBXBuildFile; fileRef = D07E078B2A13AAE200C94229 /* music.gif */; };
		D07F4F9C2A0E22CE0064C9E5 /* LectureAudioView.swift in Sources */ = {isa = PBXBuildFile; fileRef = D07F4F9B2A0E22CE0064C9E5 /* LectureAudioView.swift */; };
		D086C03B29E0174400CD7F38 /* SelfLibraryView.swift in Sources */ = {isa = PBXBuildFile; fileRef = D086C03A29E0174400CD7F38 /* SelfLibraryView.swift */; };
		D086C03D29E03A5F00CD7F38 /* GuestUserUploadView.swift in Sources */ = {isa = PBXBuildFile; fileRef = D086C03C29E03A5F00CD7F38 /* GuestUserUploadView.swift */; };
		D0871D032A32F79E0000DCA5 /* YouTubePlayerKit in Frameworks */ = {isa = PBXBuildFile; productRef = D0871D022A32F79E0000DCA5 /* YouTubePlayerKit */; };
		D08BA0B8299B763300886C8D /* ShowBooksDetailsPopUpView.swift in Sources */ = {isa = PBXBuildFile; fileRef = D08BA0B7299B763300886C8D /* ShowBooksDetailsPopUpView.swift */; };
		D08BA0BA299BA7BB00886C8D /* PaymentHistoryView.swift in Sources */ = {isa = PBXBuildFile; fileRef = D08BA0B9299BA7BB00886C8D /* PaymentHistoryView.swift */; };
		D08BA14C2A1B972D002FD063 /* PureSwiftUI in Frameworks */ = {isa = PBXBuildFile; productRef = D08BA14B2A1B972D002FD063 /* PureSwiftUI */; };
		D08C56DF29DE9C2300C566CD /* LibrariesView.swift in Sources */ = {isa = PBXBuildFile; fileRef = D08C56DE29DE9C2300C566CD /* LibrariesView.swift */; };
		D08C56E129DEBF0900C566CD /* LibraryView.swift in Sources */ = {isa = PBXBuildFile; fileRef = D08C56E029DEBF0900C566CD /* LibraryView.swift */; };
		D08CD2112A39948A00ABFEE7 /* SchoolLibraryView.swift in Sources */ = {isa = PBXBuildFile; fileRef = D08CD2102A39948A00ABFEE7 /* SchoolLibraryView.swift */; };
		D08CD2132A39A53000ABFEE7 /* StudentUserUploadView.swift in Sources */ = {isa = PBXBuildFile; fileRef = D08CD2122A39A53000ABFEE7 /* StudentUserUploadView.swift */; };
		D08CD2152A39D39C00ABFEE7 /* StudentUserStackView.swift in Sources */ = {isa = PBXBuildFile; fileRef = D08CD2142A39D39C00ABFEE7 /* StudentUserStackView.swift */; };
		D090163B29DC0123008F29E0 /* ToastView.swift in Sources */ = {isa = PBXBuildFile; fileRef = D090163A29DC0123008F29E0 /* ToastView.swift */; };
		D0989B3A28A3990200B24B55 /* GridLayoutView.swift in Sources */ = {isa = PBXBuildFile; fileRef = D0989B3928A3990200B24B55 /* GridLayoutView.swift */; };
		D0989B4228A3B3ED00B24B55 /* ExView.swift in Sources */ = {isa = PBXBuildFile; fileRef = D0989B4128A3B3ED00B24B55 /* ExView.swift */; };
		D0989B4528A3E9A700B24B55 /* ReadingSectionView.swift in Sources */ = {isa = PBXBuildFile; fileRef = D0989B4428A3E9A700B24B55 /* ReadingSectionView.swift */; };
		D099EE022959A21A001E4DFE /* AuthenticationModel.swift in Sources */ = {isa = PBXBuildFile; fileRef = D099EE012959A21A001E4DFE /* AuthenticationModel.swift */; };
		D099EE042959C590001E4DFE /* GuestProfileView.swift in Sources */ = {isa = PBXBuildFile; fileRef = D099EE032959C590001E4DFE /* GuestProfileView.swift */; };
		D09DD95A2A305D430052601D /* XCDYouTubeKit in Frameworks */ = {isa = PBXBuildFile; productRef = D09DD9592A305D430052601D /* XCDYouTubeKit */; };
		D0EB986B28AF89A3000914EF /* PdfPage.swift in Sources */ = {isa = PBXBuildFile; fileRef = D0EB986A28AF89A3000914EF /* PdfPage.swift */; };
		D0F6251B295B136E007676CF /* GetAuthenticationViewModel.swift in Sources */ = {isa = PBXBuildFile; fileRef = D0F6251A295B136E007676CF /* GetAuthenticationViewModel.swift */; };
		D0FDC6642954729900044E7D /* ProgressView.swift in Sources */ = {isa = PBXBuildFile; fileRef = D0FDC6632954729900044E7D /* ProgressView.swift */; };
		D0FDC669295482AA00044E7D /* Marquees+Extension.swift in Sources */ = {isa = PBXBuildFile; fileRef = D0FDC668295482AA00044E7D /* Marquees+Extension.swift */; };
		D0FEA7D52950487B005054A4 /* HttpUtils.swift in Sources */ = {isa = PBXBuildFile; fileRef = D0FEA7D42950487B005054A4 /* HttpUtils.swift */; };
		D0FEA7DC29504D0A005054A4 /* PrimeBooksCollectionView.swift in Sources */ = {isa = PBXBuildFile; fileRef = D0FEA7DB29504D0A005054A4 /* PrimeBooksCollectionView.swift */; };
		D0FF58032A160BB400CE9894 /* Marquee in Frameworks */ = {isa = PBXBuildFile; productRef = D0FF58022A160BB400CE9894 /* Marquee */; };
		D0FF58062A1610B000CE9894 /* RichText in Frameworks */ = {isa = PBXBuildFile; productRef = D0FF58052A1610B000CE9894 /* RichText */; };
		D0FF58092A1610E600CE9894 /* AlertToast in Frameworks */ = {isa = PBXBuildFile; productRef = D0FF58082A1610E600CE9894 /* AlertToast */; };
/* End PBXBuildFile section */

/* Begin PBXContainerItemProxy section */
		D075D194289D3C8100C52AC1 /* PBXContainerItemProxy */ = {
			isa = PBXContainerItemProxy;
			containerPortal = D075D17B289D3C8000C52AC1 /* Project object */;
			proxyType = 1;
			remoteGlobalIDString = D075D182289D3C8000C52AC1;
			remoteInfo = Demo;
		};
		D075D19E289D3C8100C52AC1 /* PBXContainerItemProxy */ = {
			isa = PBXContainerItemProxy;
			containerPortal = D075D17B289D3C8000C52AC1 /* Project object */;
			proxyType = 1;
			remoteGlobalIDString = D075D182289D3C8000C52AC1;
			remoteInfo = Demo;
		};
/* End PBXContainerItemProxy section */

/* Begin PBXFileReference section */
		D01357A0293B2BED00F476FD /* CustomFloatingTextField.swift */ = {isa = PBXFileReference; lastKnownFileType = sourcecode.swift; path = CustomFloatingTextField.swift; sourceTree = "<group>"; };
		D01357A2293B2C4B00F476FD /* UnderlineTextField.swift */ = {isa = PBXFileReference; lastKnownFileType = sourcecode.swift; path = UnderlineTextField.swift; sourceTree = "<group>"; };
		D01357A4293B2DA000F476FD /* DropdownSelector.swift */ = {isa = PBXFileReference; lastKnownFileType = sourcecode.swift; path = DropdownSelector.swift; sourceTree = "<group>"; };
		D01357A7293B352A00F476FD /* ProfileView.swift */ = {isa = PBXFileReference; lastKnownFileType = sourcecode.swift; path = ProfileView.swift; sourceTree = "<group>"; };
		D01357A9293B3BB300F476FD /* AccountSettingView.swift */ = {isa = PBXFileReference; lastKnownFileType = sourcecode.swift; path = AccountSettingView.swift; sourceTree = "<group>"; };
		D01357AC293B47B900F476FD /* ImageSliderViews.swift */ = {isa = PBXFileReference; lastKnownFileType = sourcecode.swift; path = ImageSliderViews.swift; sourceTree = "<group>"; };
		D02002A2295DB8840090E1E5 /* LoginPageView.swift */ = {isa = PBXFileReference; lastKnownFileType = sourcecode.swift; path = LoginPageView.swift; sourceTree = "<group>"; };
		D02BC0AC29E43DF20054BE91 /* GuestStackBookListView.swift */ = {isa = PBXFileReference; lastKnownFileType = sourcecode.swift; path = GuestStackBookListView.swift; sourceTree = "<group>"; };
		D02D4FB029794538006318E4 /* GoogleService-Info.plist */ = {isa = PBXFileReference; fileEncoding = 4; lastKnownFileType = text.plist.xml; path = "GoogleService-Info.plist"; sourceTree = "<group>"; };
		D02D4FB229796649006318E4 /* QRGeneratorView.swift */ = {isa = PBXFileReference; lastKnownFileType = sourcecode.swift; path = QRGeneratorView.swift; sourceTree = "<group>"; };
		D0337BA529559B7E009C3367 /* LoginPlansView.swift */ = {isa = PBXFileReference; lastKnownFileType = sourcecode.swift; path = LoginPlansView.swift; sourceTree = "<group>"; };
		D039FCA628B77A070006DB32 /* SearchMenu.swift */ = {isa = PBXFileReference; lastKnownFileType = sourcecode.swift; path = SearchMenu.swift; sourceTree = "<group>"; };
		D03ACD4D29DEE92E000E3D41 /* NavHeaderClosure.swift */ = {isa = PBXFileReference; lastKnownFileType = sourcecode.swift; path = NavHeaderClosure.swift; sourceTree = "<group>"; };
		D03EA39628A792E700D9C4E8 /* HomeView.swift */ = {isa = PBXFileReference; lastKnownFileType = sourcecode.swift; path = HomeView.swift; sourceTree = "<group>"; };
		D03EA39828A7960400D9C4E8 /* PDFKitView.swift */ = {isa = PBXFileReference; lastKnownFileType = sourcecode.swift; path = PDFKitView.swift; sourceTree = "<group>"; };
		D03EA39D28A79F7700D9C4E8 /* DocumentView.swift */ = {isa = PBXFileReference; lastKnownFileType = sourcecode.swift; path = DocumentView.swift; sourceTree = "<group>"; };
		D03FA9F22952FA4600C09495 /* CategoriesView.swift */ = {isa = PBXFileReference; lastKnownFileType = sourcecode.swift; path = CategoriesView.swift; sourceTree = "<group>"; };
		D042B0CD2940B62B00026875 /* JWTAuthExample.swift */ = {isa = PBXFileReference; lastKnownFileType = sourcecode.swift; path = JWTAuthExample.swift; sourceTree = "<group>"; };
		D043DF80289E423600159269 /* CkeckoutView.swift */ = {isa = PBXFileReference; lastKnownFileType = sourcecode.swift; path = CkeckoutView.swift; sourceTree = "<group>"; };
		D043DF89289E753F00159269 /* Info.plist */ = {isa = PBXFileReference; lastKnownFileType = text.plist.xml; path = Info.plist; sourceTree = "<group>"; };
		D043DF9E289E7B0600159269 /* UserAuth.swift */ = {isa = PBXFileReference; lastKnownFileType = sourcecode.swift; path = UserAuth.swift; sourceTree = "<group>"; };
		D044C586299A62F200881D26 /* ShareView.swift */ = {isa = PBXFileReference; lastKnownFileType = sourcecode.swift; path = ShareView.swift; sourceTree = "<group>"; };
		D04581D0297E7D9400B32575 /* PurchagedBooksView.swift */ = {isa = PBXFileReference; lastKnownFileType = sourcecode.swift; path = PurchagedBooksView.swift; sourceTree = "<group>"; };
		D047013E2943397C00EDB8C5 /* NotificationsView.swift */ = {isa = PBXFileReference; lastKnownFileType = sourcecode.swift; path = NotificationsView.swift; sourceTree = "<group>"; };
		D0472E9A2954372F00E84B1E /* HomePublisherView.swift */ = {isa = PBXFileReference; lastKnownFileType = sourcecode.swift; path = HomePublisherView.swift; sourceTree = "<group>"; };
		D04888FD2947103800FB5A6F /* ReadCreditView.swift */ = {isa = PBXFileReference; lastKnownFileType = sourcecode.swift; path = ReadCreditView.swift; sourceTree = "<group>"; };
		D04888FF294711FC00FB5A6F /* AboutUsAlertView.swift */ = {isa = PBXFileReference; lastKnownFileType = sourcecode.swift; path = AboutUsAlertView.swift; sourceTree = "<group>"; };
		D04889012947125400FB5A6F /* HtmlFormattedText.swift */ = {isa = PBXFileReference; lastKnownFileType = sourcecode.swift; path = HtmlFormattedText.swift; sourceTree = "<group>"; };
		D04889032947447900FB5A6F /* JWTAuthenticationExampleView.swift */ = {isa = PBXFileReference; lastKnownFileType = sourcecode.swift; path = JWTAuthenticationExampleView.swift; sourceTree = "<group>"; };
		D049B70A29AA25D7008B2AC5 /* GuestUploadListView.swift */ = {isa = PBXFileReference; lastKnownFileType = sourcecode.swift; path = GuestUploadListView.swift; sourceTree = "<group>"; };
		D04A064129A608A00032AAFC /* TimerView.swift */ = {isa = PBXFileReference; lastKnownFileType = sourcecode.swift; path = TimerView.swift; sourceTree = "<group>"; };
		D04B79F229A0C74800D511D0 /* SubscribeView.swift */ = {isa = PBXFileReference; lastKnownFileType = sourcecode.swift; path = SubscribeView.swift; sourceTree = "<group>"; };
		D04DD6A628ACCB51004C8773 /* PSPDFKITView.swift */ = {isa = PBXFileReference; lastKnownFileType = sourcecode.swift; path = PSPDFKITView.swift; sourceTree = "<group>"; };
		D04DD6A828ACD885004C8773 /* document.pdf */ = {isa = PBXFileReference; lastKnownFileType = image.pdf; path = document.pdf; sourceTree = "<group>"; };
		D04E1B9A29BC6C46000EFDD1 /* ReportedBooklistView.swift */ = {isa = PBXFileReference; lastKnownFileType = sourcecode.swift; path = ReportedBooklistView.swift; sourceTree = "<group>"; };
		D05031632A2DBA03002C8BD1 /* AppInfo.swift */ = {isa = PBXFileReference; lastKnownFileType = sourcecode.swift; path = AppInfo.swift; sourceTree = "<group>"; };
		D051F5B129AF69900072CA67 /* GuestDeleteListView.swift */ = {isa = PBXFileReference; lastKnownFileType = sourcecode.swift; path = GuestDeleteListView.swift; sourceTree = "<group>"; };
		D0522F9C293DB98500B26278 /* DemoTests.xctest */ = {isa = PBXFileReference; explicitFileType = wrapper.cfbundle; includeInIndex = 0; path = DemoTests.xctest; sourceTree = BUILT_PRODUCTS_DIR; };
		D0522F9D293DB98500B26278 /* DemoUITests.xctest */ = {isa = PBXFileReference; explicitFileType = wrapper.cfbundle; includeInIndex = 0; path = DemoUITests.xctest; sourceTree = BUILT_PRODUCTS_DIR; };
		D0522F9E293DC63D00B26278 /* String+Extension.swift */ = {isa = PBXFileReference; lastKnownFileType = sourcecode.swift; path = "String+Extension.swift"; sourceTree = "<group>"; };
		D0522FA0293DD32B00B26278 /* DashboardTileView.swift */ = {isa = PBXFileReference; lastKnownFileType = sourcecode.swift; path = DashboardTileView.swift; sourceTree = "<group>"; };
		D0522FA2293DD3E800B26278 /* CustomNavBarView.swift */ = {isa = PBXFileReference; lastKnownFileType = sourcecode.swift; path = CustomNavBarView.swift; sourceTree = "<group>"; };
		D0522FA4293DECB800B26278 /* StacksView.swift */ = {isa = PBXFileReference; lastKnownFileType = sourcecode.swift; path = StacksView.swift; sourceTree = "<group>"; };
		D0522FA6293E070300B26278 /* UploadListView.swift */ = {isa = PBXFileReference; lastKnownFileType = sourcecode.swift; path = UploadListView.swift; sourceTree = "<group>"; };
		D05267D62956E4770030B70D /* LoginPlanViewModel.swift */ = {isa = PBXFileReference; lastKnownFileType = sourcecode.swift; path = LoginPlanViewModel.swift; sourceTree = "<group>"; };
		D052D41D294B0742007F3667 /* ApiUtils.swift */ = {isa = PBXFileReference; lastKnownFileType = sourcecode.swift; path = ApiUtils.swift; sourceTree = "<group>"; };
		D0541349293F3AC300826D8B /* LoginAPiView.swift */ = {isa = PBXFileReference; lastKnownFileType = sourcecode.swift; path = LoginAPiView.swift; sourceTree = "<group>"; };
		D054134E293F60B700826D8B /* Auth0.plist */ = {isa = PBXFileReference; lastKnownFileType = text.plist.xml; path = Auth0.plist; sourceTree = "<group>"; };
		D05417D3295C41F500E3ABB2 /* PrimePurchageAlertView.swift */ = {isa = PBXFileReference; lastKnownFileType = sourcecode.swift; path = PrimePurchageAlertView.swift; sourceTree = "<group>"; };
		D05449B128A0EA5B006A17E9 /* VideoPlayerView.swift */ = {isa = PBXFileReference; lastKnownFileType = sourcecode.swift; path = VideoPlayerView.swift; sourceTree = "<group>"; };
		D054887C28B0DF490076FDCA /* modelData.swift */ = {isa = PBXFileReference; lastKnownFileType = sourcecode.swift; path = modelData.swift; sourceTree = "<group>"; };
		D055AAB928A219EF00F46706 /* Demo.app */ = {isa = PBXFileReference; explicitFileType = wrapper.application; includeInIndex = 0; path = Demo.app; sourceTree = BUILT_PRODUCTS_DIR; };
		D055AABC28A2500900F46706 /* webView.swift */ = {isa = PBXFileReference; lastKnownFileType = sourcecode.swift; path = webView.swift; sourceTree = "<group>"; };
		D055AAC428A2705C00F46706 /* dataType.swift */ = {isa = PBXFileReference; lastKnownFileType = sourcecode.swift; path = dataType.swift; sourceTree = "<group>"; };
		D055FD4A28B36765009059F7 /* ModelView.swift */ = {isa = PBXFileReference; lastKnownFileType = sourcecode.swift; path = ModelView.swift; sourceTree = "<group>"; };
		D05640DB29AB75FF0076DA54 /* GuestDraftView.swift */ = {isa = PBXFileReference; lastKnownFileType = sourcecode.swift; path = GuestDraftView.swift; sourceTree = "<group>"; };
		D056960729B0B70300890EC0 /* GuestUnPublishedView.swift */ = {isa = PBXFileReference; lastKnownFileType = sourcecode.swift; path = GuestUnPublishedView.swift; sourceTree = "<group>"; };
		D056EDD028A128E3005BC4FC /* NewsAPIView.swift */ = {isa = PBXFileReference; lastKnownFileType = sourcecode.swift; path = NewsAPIView.swift; sourceTree = "<group>"; };
		D056FDBA29DD585D001EDFE2 /* BookReportView.swift */ = {isa = PBXFileReference; lastKnownFileType = sourcecode.swift; path = BookReportView.swift; sourceTree = "<group>"; };
		D056FDBC29DD6E62001EDFE2 /* BookQRCodeView.swift */ = {isa = PBXFileReference; lastKnownFileType = sourcecode.swift; path = BookQRCodeView.swift; sourceTree = "<group>"; };
		D057F2B8296D818500ED964E /* UserAccountSettingView.swift */ = {isa = PBXFileReference; lastKnownFileType = sourcecode.swift; path = UserAccountSettingView.swift; sourceTree = "<group>"; };
		D058C96228B4B1F800BDBEF1 /* SideMenuViews.swift */ = {isa = PBXFileReference; lastKnownFileType = sourcecode.swift; path = SideMenuViews.swift; sourceTree = "<group>"; };
		D058C96928B5075F00BDBEF1 /* CorouselView.swift */ = {isa = PBXFileReference; lastKnownFileType = sourcecode.swift; path = CorouselView.swift; sourceTree = "<group>"; };
		D05AEC8929CAEBF400D92174 /* BookThumbnailView.swift */ = {isa = PBXFileReference; lastKnownFileType = sourcecode.swift; path = BookThumbnailView.swift; sourceTree = "<group>"; };
		D05B931729D2D93E00D66392 /* ImageAutoSlider.swift */ = {isa = PBXFileReference; lastKnownFileType = sourcecode.swift; path = ImageAutoSlider.swift; sourceTree = "<group>"; };
		D05B931929D31C9C00D66392 /* MagazineBannerView.swift */ = {isa = PBXFileReference; lastKnownFileType = sourcecode.swift; path = MagazineBannerView.swift; sourceTree = "<group>"; };
		D05C2BC329A76A1300311832 /* BookRequestView.swift */ = {isa = PBXFileReference; lastKnownFileType = sourcecode.swift; path = BookRequestView.swift; sourceTree = "<group>"; };
		D05D428D29CD7B750057EB90 /* LatestMagazineView.swift */ = {isa = PBXFileReference; lastKnownFileType = sourcecode.swift; path = LatestMagazineView.swift; sourceTree = "<group>"; };
		D065C80C2A3C48A300C1F6A6 /* StudentAssignmentView.swift */ = {isa = PBXFileReference; lastKnownFileType = sourcecode.swift; path = StudentAssignmentView.swift; sourceTree = "<group>"; };
		D069104D29C05F4300C5568A /* AlibraryWebView.swift */ = {isa = PBXFileReference; lastKnownFileType = sourcecode.swift; path = AlibraryWebView.swift; sourceTree = "<group>"; };
		D069104F29C06DA100C5568A /* GuestPublishedView.swift */ = {isa = PBXFileReference; lastKnownFileType = sourcecode.swift; path = GuestPublishedView.swift; sourceTree = "<group>"; };
		D069541629C841A500DE47EF /* SearchContentView.swift */ = {isa = PBXFileReference; lastKnownFileType = sourcecode.swift; path = SearchContentView.swift; sourceTree = "<group>"; };
		D069541829C841DA00DE47EF /* PDFKitViews.swift */ = {isa = PBXFileReference; lastKnownFileType = sourcecode.swift; path = PDFKitViews.swift; sourceTree = "<group>"; };
		D06ADA362966B9F00068277C /* CopyRightView.swift */ = {isa = PBXFileReference; lastKnownFileType = sourcecode.swift; path = CopyRightView.swift; sourceTree = "<group>"; };
		D06C19892A3DB382003EC996 /* StudentBookBundleView.swift */ = {isa = PBXFileReference; lastKnownFileType = sourcecode.swift; path = StudentBookBundleView.swift; sourceTree = "<group>"; };
		D07285252A3B2A630040EDDF /* StudentCourseView.swift */ = {isa = PBXFileReference; lastKnownFileType = sourcecode.swift; path = StudentCourseView.swift; sourceTree = "<group>"; };
		D07338FE2A273F1F00280D48 /* MACAddressView.swift */ = {isa = PBXFileReference; lastKnownFileType = sourcecode.swift; path = MACAddressView.swift; sourceTree = "<group>"; };
		D0735ED929728D8600E862FE /* CustomAlertView.swift */ = {isa = PBXFileReference; lastKnownFileType = sourcecode.swift; path = CustomAlertView.swift; sourceTree = "<group>"; };
		D0745A5429FD28A1005727B8 /* LectureVideoView.swift */ = {isa = PBXFileReference; lastKnownFileType = sourcecode.swift; path = LectureVideoView.swift; sourceTree = "<group>"; };
		D075D186289D3C8000C52AC1 /* DemoApp.swift */ = {isa = PBXFileReference; lastKnownFileType = sourcecode.swift; path = DemoApp.swift; sourceTree = "<group>"; };
		D075D188289D3C8000C52AC1 /* ContentView.swift */ = {isa = PBXFileReference; lastKnownFileType = sourcecode.swift; path = ContentView.swift; sourceTree = "<group>"; };
		D075D18A289D3C8100C52AC1 /* Assets.xcassets */ = {isa = PBXFileReference; lastKnownFileType = folder.assetcatalog; path = Assets.xcassets; sourceTree = "<group>"; };
		D075D18D289D3C8100C52AC1 /* Preview Assets.xcassets */ = {isa = PBXFileReference; lastKnownFileType = folder.assetcatalog; path = "Preview Assets.xcassets"; sourceTree = "<group>"; };
		D075D197289D3C8100C52AC1 /* DemoTests.swift */ = {isa = PBXFileReference; lastKnownFileType = sourcecode.swift; path = DemoTests.swift; sourceTree = "<group>"; };
		D075D1A1289D3C8100C52AC1 /* DemoUITests.swift */ = {isa = PBXFileReference; lastKnownFileType = sourcecode.swift; path = DemoUITests.swift; sourceTree = "<group>"; };
		D075D1A3289D3C8100C52AC1 /* DemoUITestsLaunchTests.swift */ = {isa = PBXFileReference; lastKnownFileType = sourcecode.swift; path = DemoUITestsLaunchTests.swift; sourceTree = "<group>"; };
		D076764129E5383500B57FE7 /* PagerTabStripView.swift */ = {isa = PBXFileReference; lastKnownFileType = sourcecode.swift; path = PagerTabStripView.swift; sourceTree = "<group>"; };
		D0774D0929F6617400C4EF24 /* BookRequestListShowView.swift */ = {isa = PBXFileReference; lastKnownFileType = sourcecode.swift; path = BookRequestListShowView.swift; sourceTree = "<group>"; };
		D078579F29F905A800AFFE60 /* GuestLoginSidemenuView.swift */ = {isa = PBXFileReference; lastKnownFileType = sourcecode.swift; path = GuestLoginSidemenuView.swift; sourceTree = "<group>"; };
		D078FCE72969670E00AE82A8 /* CorouserView.swift */ = {isa = PBXFileReference; lastKnownFileType = sourcecode.swift; path = CorouserView.swift; sourceTree = "<group>"; };
		D07929DF299643F300D86174 /* StackBookListView.swift */ = {isa = PBXFileReference; lastKnownFileType = sourcecode.swift; path = StackBookListView.swift; sourceTree = "<group>"; };
		D07A136A2A370D2100EFEB07 /* StudentDashBoardView.swift */ = {isa = PBXFileReference; lastKnownFileType = sourcecode.swift; path = StudentDashBoardView.swift; sourceTree = "<group>"; };
		D07C859B29E92F43001DBBAF /* UserGuideView.swift */ = {isa = PBXFileReference; lastKnownFileType = sourcecode.swift; path = UserGuideView.swift; sourceTree = "<group>"; };
		D07C859D29E94C0D001DBBAF /* UserGuidePdfView.swift */ = {isa = PBXFileReference; lastKnownFileType = sourcecode.swift; path = UserGuidePdfView.swift; sourceTree = "<group>"; };
		D07D0D82298A89E000B022DD /* AppDelegate.swift */ = {isa = PBXFileReference; lastKnownFileType = sourcecode.swift; path = AppDelegate.swift; sourceTree = "<group>"; };
		D07D7A2E29E168F70062FA9E /* GuestUserStackView.swift */ = {isa = PBXFileReference; lastKnownFileType = sourcecode.swift; path = GuestUserStackView.swift; sourceTree = "<group>"; };
		D07E07822A13A28700C94229 /* GifImageView.swift */ = {isa = PBXFileReference; lastKnownFileType = sourcecode.swift; path = GifImageView.swift; sourceTree = "<group>"; };
		D07E07872A13A3EC00C94229 /* sound.gif */ = {isa = PBXFileReference; lastKnownFileType = image.gif; path = sound.gif; sourceTree = "<group>"; };
		D07E078B2A13AAE200C94229 /* music.gif */ = {isa = PBXFileReference; lastKnownFileType = image.gif; path = music.gif; sourceTree = "<group>"; };
		D07F4F9B2A0E22CE0064C9E5 /* LectureAudioView.swift */ = {isa = PBXFileReference; lastKnownFileType = sourcecode.swift; path = LectureAudioView.swift; sourceTree = "<group>"; };
		D086C03A29E0174400CD7F38 /* SelfLibraryView.swift */ = {isa = PBXFileReference; lastKnownFileType = sourcecode.swift; path = SelfLibraryView.swift; sourceTree = "<group>"; };
		D086C03C29E03A5F00CD7F38 /* GuestUserUploadView.swift */ = {isa = PBXFileReference; lastKnownFileType = sourcecode.swift; path = GuestUserUploadView.swift; sourceTree = "<group>"; };
		D08BA0B7299B763300886C8D /* ShowBooksDetailsPopUpView.swift */ = {isa = PBXFileReference; lastKnownFileType = sourcecode.swift; path = ShowBooksDetailsPopUpView.swift; sourceTree = "<group>"; };
		D08BA0B9299BA7BB00886C8D /* PaymentHistoryView.swift */ = {isa = PBXFileReference; lastKnownFileType = sourcecode.swift; path = PaymentHistoryView.swift; sourceTree = "<group>"; };
		D08C56DE29DE9C2300C566CD /* LibrariesView.swift */ = {isa = PBXFileReference; lastKnownFileType = sourcecode.swift; path = LibrariesView.swift; sourceTree = "<group>"; };
		D08C56E029DEBF0900C566CD /* LibraryView.swift */ = {isa = PBXFileReference; lastKnownFileType = sourcecode.swift; path = LibraryView.swift; sourceTree = "<group>"; };
		D08CD2102A39948A00ABFEE7 /* SchoolLibraryView.swift */ = {isa = PBXFileReference; lastKnownFileType = sourcecode.swift; path = SchoolLibraryView.swift; sourceTree = "<group>"; };
		D08CD2122A39A53000ABFEE7 /* StudentUserUploadView.swift */ = {isa = PBXFileReference; lastKnownFileType = sourcecode.swift; path = StudentUserUploadView.swift; sourceTree = "<group>"; };
		D08CD2142A39D39C00ABFEE7 /* StudentUserStackView.swift */ = {isa = PBXFileReference; lastKnownFileType = sourcecode.swift; path = StudentUserStackView.swift; sourceTree = "<group>"; };
		D090163A29DC0123008F29E0 /* ToastView.swift */ = {isa = PBXFileReference; lastKnownFileType = sourcecode.swift; path = ToastView.swift; sourceTree = "<group>"; };
		D0989B3928A3990200B24B55 /* GridLayoutView.swift */ = {isa = PBXFileReference; lastKnownFileType = sourcecode.swift; path = GridLayoutView.swift; sourceTree = "<group>"; };
		D0989B4128A3B3ED00B24B55 /* ExView.swift */ = {isa = PBXFileReference; lastKnownFileType = sourcecode.swift; path = ExView.swift; sourceTree = "<group>"; };
		D0989B4428A3E9A700B24B55 /* ReadingSectionView.swift */ = {isa = PBXFileReference; lastKnownFileType = sourcecode.swift; path = ReadingSectionView.swift; sourceTree = "<group>"; };
		D099EE012959A21A001E4DFE /* AuthenticationModel.swift */ = {isa = PBXFileReference; lastKnownFileType = sourcecode.swift; path = AuthenticationModel.swift; sourceTree = "<group>"; };
		D099EE032959C590001E4DFE /* GuestProfileView.swift */ = {isa = PBXFileReference; lastKnownFileType = sourcecode.swift; path = GuestProfileView.swift; sourceTree = "<group>"; };
		D0EB986A28AF89A3000914EF /* PdfPage.swift */ = {isa = PBXFileReference; lastKnownFileType = sourcecode.swift; path = PdfPage.swift; sourceTree = "<group>"; };
		D0F6251A295B136E007676CF /* GetAuthenticationViewModel.swift */ = {isa = PBXFileReference; lastKnownFileType = sourcecode.swift; path = GetAuthenticationViewModel.swift; sourceTree = "<group>"; };
		D0FDC6632954729900044E7D /* ProgressView.swift */ = {isa = PBXFileReference; lastKnownFileType = sourcecode.swift; path = ProgressView.swift; sourceTree = "<group>"; };
		D0FDC668295482AA00044E7D /* Marquees+Extension.swift */ = {isa = PBXFileReference; lastKnownFileType = sourcecode.swift; path = "Marquees+Extension.swift"; sourceTree = "<group>"; };
		D0FEA7D42950487B005054A4 /* HttpUtils.swift */ = {isa = PBXFileReference; lastKnownFileType = sourcecode.swift; path = HttpUtils.swift; sourceTree = "<group>"; };
		D0FEA7DB29504D0A005054A4 /* PrimeBooksCollectionView.swift */ = {isa = PBXFileReference; lastKnownFileType = sourcecode.swift; path = PrimeBooksCollectionView.swift; sourceTree = "<group>"; };
		D0FF580B2A16174E00CE9894 /* Video.mp4 */ = {isa = PBXFileReference; lastKnownFileType = file; path = Video.mp4; sourceTree = "<group>"; };
/* End PBXFileReference section */

/* Begin PBXFrameworksBuildPhase section */
		D075D180289D3C8000C52AC1 /* Frameworks */ = {
			isa = PBXFrameworksBuildPhase;
			buildActionMask = 2147483647;
			files = (
				D0FF58092A1610E600CE9894 /* AlertToast in Frameworks */,
				D0FF58032A160BB400CE9894 /* Marquee in Frameworks */,
				D0871D032A32F79E0000DCA5 /* YouTubePlayerKit in Frameworks */,
				D08BA14C2A1B972D002FD063 /* PureSwiftUI in Frameworks */,
				D09DD95A2A305D430052601D /* XCDYouTubeKit in Frameworks */,
				D0FF58062A1610B000CE9894 /* RichText in Frameworks */,
			);
			runOnlyForDeploymentPostprocessing = 0;
		};
		D075D190289D3C8100C52AC1 /* Frameworks */ = {
			isa = PBXFrameworksBuildPhase;
			buildActionMask = 2147483647;
			files = (
			);
			runOnlyForDeploymentPostprocessing = 0;
		};
		D075D19A289D3C8100C52AC1 /* Frameworks */ = {
			isa = PBXFrameworksBuildPhase;
			buildActionMask = 2147483647;
			files = (
			);
			runOnlyForDeploymentPostprocessing = 0;
		};
/* End PBXFrameworksBuildPhase section */

/* Begin PBXGroup section */
		6D50E23EAE71DCEDE7867D1D /* Pods */ = {
			isa = PBXGroup;
			children = (
			);
			path = Pods;
			sourceTree = "<group>";
		};
		D013579F293B2B3C00F476FD /* Constants+ Extension */ = {
			isa = PBXGroup;
			children = (
				D01357A0293B2BED00F476FD /* CustomFloatingTextField.swift */,
				D01357A2293B2C4B00F476FD /* UnderlineTextField.swift */,
				D01357A4293B2DA000F476FD /* DropdownSelector.swift */,
				D0522F9E293DC63D00B26278 /* String+Extension.swift */,
				D04889012947125400FB5A6F /* HtmlFormattedText.swift */,
				D0FDC668295482AA00044E7D /* Marquees+Extension.swift */,
				D05B931729D2D93E00D66392 /* ImageAutoSlider.swift */,
			);
			path = "Constants+ Extension";
			sourceTree = "<group>";
		};
		D01357A6293B350900F476FD /* Views */ = {
			isa = PBXGroup;
			children = (
				D07E07862A13A39400C94229 /* GIF Files */,
				D04888FC29470FF100FB5A6F /* GuestLoginView */,
				D0522FA2293DD3E800B26278 /* CustomNavBarView.swift */,
				D0522FA6293E070300B26278 /* UploadListView.swift */,
				D042B0CD2940B62B00026875 /* JWTAuthExample.swift */,
				D04889032947447900FB5A6F /* JWTAuthenticationExampleView.swift */,
				D047013E2943397C00EDB8C5 /* NotificationsView.swift */,
				D0FEA7DB29504D0A005054A4 /* PrimeBooksCollectionView.swift */,
				D03FA9F22952FA4600C09495 /* CategoriesView.swift */,
				D05B931929D31C9C00D66392 /* MagazineBannerView.swift */,
				D078FCE72969670E00AE82A8 /* CorouserView.swift */,
				D0472E9A2954372F00E84B1E /* HomePublisherView.swift */,
				D0FDC6632954729900044E7D /* ProgressView.swift */,
				D06ADA362966B9F00068277C /* CopyRightView.swift */,
				D0735ED929728D8600E862FE /* CustomAlertView.swift */,
				D02D4FB229796649006318E4 /* QRGeneratorView.swift */,
			);
			path = Views;
			sourceTree = "<group>";
		};
		D03C580C28B60D80008455FA /* Nested Api */ = {
			isa = PBXGroup;
			children = (
				D043DF89289E753F00159269 /* Info.plist */,
				D054887C28B0DF490076FDCA /* modelData.swift */,
			);
			path = "Nested Api";
			sourceTree = "<group>";
		};
		D03EA39528A792CF00D9C4E8 /* PDFEx */ = {
			isa = PBXGroup;
			children = (
				D04DD6A828ACD885004C8773 /* document.pdf */,
				D03EA39628A792E700D9C4E8 /* HomeView.swift */,
				D03EA39828A7960400D9C4E8 /* PDFKitView.swift */,
				D03EA39D28A79F7700D9C4E8 /* DocumentView.swift */,
				D04DD6A628ACCB51004C8773 /* PSPDFKITView.swift */,
				D0EB986A28AF89A3000914EF /* PdfPage.swift */,
			);
			path = PDFEx;
			sourceTree = "<group>";
		};
		D04888FC29470FF100FB5A6F /* GuestLoginView */ = {
			isa = PBXGroup;
			children = (
				D07C859A29E92F14001DBBAF /* User Guide Entities */,
				D08C56DD29DE9BF600C566CD /* Libraries Entities */,
				D069541529C8418300DE47EF /* Book Details  */,
				D04888FD2947103800FB5A6F /* ReadCreditView.swift */,
				D04888FF294711FC00FB5A6F /* AboutUsAlertView.swift */,
				D05267D62956E4770030B70D /* LoginPlanViewModel.swift */,
				D0337BA529559B7E009C3367 /* LoginPlansView.swift */,
				D099EE012959A21A001E4DFE /* AuthenticationModel.swift */,
				D099EE032959C590001E4DFE /* GuestProfileView.swift */,
				D05417D3295C41F500E3ABB2 /* PrimePurchageAlertView.swift */,
				D0522FA4293DECB800B26278 /* StacksView.swift */,
				D0522FA0293DD32B00B26278 /* DashboardTileView.swift */,
				D02002A2295DB8840090E1E5 /* LoginPageView.swift */,
				D057F2B8296D818500ED964E /* UserAccountSettingView.swift */,
				D04581D0297E7D9400B32575 /* PurchagedBooksView.swift */,
				D07929DF299643F300D86174 /* StackBookListView.swift */,
				D044C586299A62F200881D26 /* ShareView.swift */,
				D08BA0B7299B763300886C8D /* ShowBooksDetailsPopUpView.swift */,
				D08BA0B9299BA7BB00886C8D /* PaymentHistoryView.swift */,
				D04B79F229A0C74800D511D0 /* SubscribeView.swift */,
				D04A064129A608A00032AAFC /* TimerView.swift */,
				D090163A29DC0123008F29E0 /* ToastView.swift */,
				D05C2BC329A76A1300311832 /* BookRequestView.swift */,
				D04E1B9A29BC6C46000EFDD1 /* ReportedBooklistView.swift */,
				D01357A7293B352A00F476FD /* ProfileView.swift */,
				D01357A9293B3BB300F476FD /* AccountSettingView.swift */,
				D05640DA29AB2A1C0076DA54 /* Upload List Files */,
			);
			path = GuestLoginView;
			sourceTree = "<group>";
		};
		D052D41C294B0712007F3667 /* Utils */ = {
			isa = PBXGroup;
			children = (
				D052D41D294B0742007F3667 /* ApiUtils.swift */,
				D0FEA7D42950487B005054A4 /* HttpUtils.swift */,
				D0F6251A295B136E007676CF /* GetAuthenticationViewModel.swift */,
				D05031632A2DBA03002C8BD1 /* AppInfo.swift */,
			);
			path = Utils;
			sourceTree = "<group>";
		};
		D05640DA29AB2A1C0076DA54 /* Upload List Files */ = {
			isa = PBXGroup;
			children = (
				D01357AC293B47B900F476FD /* ImageSliderViews.swift */,
				D049B70A29AA25D7008B2AC5 /* GuestUploadListView.swift */,
				D05640DB29AB75FF0076DA54 /* GuestDraftView.swift */,
				D051F5B129AF69900072CA67 /* GuestDeleteListView.swift */,
				D056960729B0B70300890EC0 /* GuestUnPublishedView.swift */,
				D069104D29C05F4300C5568A /* AlibraryWebView.swift */,
				D069104F29C06DA100C5568A /* GuestPublishedView.swift */,
			);
			path = "Upload List Files";
			sourceTree = "<group>";
		};
		D058C95F28B4A40800BDBEF1 /* Side Menu */ = {
			isa = PBXGroup;
			children = (
				D058C96228B4B1F800BDBEF1 /* SideMenuViews.swift */,
				D058C96928B5075F00BDBEF1 /* CorouselView.swift */,
				D039FCA628B77A070006DB32 /* SearchMenu.swift */,
				D078579F29F905A800AFFE60 /* GuestLoginSidemenuView.swift */,
			);
			path = "Side Menu";
			sourceTree = "<group>";
		};
		D05EEDC829792DEA0079E51E /* Frameworks */ = {
			isa = PBXGroup;
			children = (
			);
			name = Frameworks;
			sourceTree = "<group>";
		};
		D065C80B2A3C488800C1F6A6 /* StudentAssignmentViews */ = {
			isa = PBXGroup;
			children = (
				D065C80C2A3C48A300C1F6A6 /* StudentAssignmentView.swift */,
			);
			path = StudentAssignmentViews;
			sourceTree = "<group>";
		};
		D069541529C8418300DE47EF /* Book Details  */ = {
			isa = PBXGroup;
			children = (
				D07338FD2A273F0600280D48 /* DRM Protection */,
				D069541629C841A500DE47EF /* SearchContentView.swift */,
				D069541829C841DA00DE47EF /* PDFKitViews.swift */,
				D05AEC8929CAEBF400D92174 /* BookThumbnailView.swift */,
				D05D428D29CD7B750057EB90 /* LatestMagazineView.swift */,
				D056FDBA29DD585D001EDFE2 /* BookReportView.swift */,
				D056FDBC29DD6E62001EDFE2 /* BookQRCodeView.swift */,
				D0745A5429FD28A1005727B8 /* LectureVideoView.swift */,
				D07F4F9B2A0E22CE0064C9E5 /* LectureAudioView.swift */,
				D07E07822A13A28700C94229 /* GifImageView.swift */,
			);
			path = "Book Details ";
			sourceTree = "<group>";
		};
		D06C19882A3DB344003EC996 /* StudentBookBundleViews */ = {
			isa = PBXGroup;
			children = (
				D06C19892A3DB382003EC996 /* StudentBookBundleView.swift */,
			);
			path = StudentBookBundleViews;
			sourceTree = "<group>";
		};
		D07285242A3B2A3F0040EDDF /* StudentCourseViews */ = {
			isa = PBXGroup;
			children = (
				D07285252A3B2A630040EDDF /* StudentCourseView.swift */,
			);
			path = StudentCourseViews;
			sourceTree = "<group>";
		};
		D07338FD2A273F0600280D48 /* DRM Protection */ = {
			isa = PBXGroup;
			children = (
				D07338FE2A273F1F00280D48 /* MACAddressView.swift */,
			);
			path = "DRM Protection";
			sourceTree = "<group>";
		};
		D075D17A289D3C8000C52AC1 = {
			isa = PBXGroup;
			children = (
				D054134E293F60B700826D8B /* Auth0.plist */,
				D075D185289D3C8000C52AC1 /* Demo */,
				D075D196289D3C8100C52AC1 /* DemoTests */,
				D075D1A0289D3C8100C52AC1 /* DemoUITests */,
				6D50E23EAE71DCEDE7867D1D /* Pods */,
				D055AAB928A219EF00F46706 /* Demo.app */,
				D0522F9C293DB98500B26278 /* DemoTests.xctest */,
				D0522F9D293DB98500B26278 /* DemoUITests.xctest */,
				D05EEDC829792DEA0079E51E /* Frameworks */,
			);
			sourceTree = "<group>";
		};
		D075D185289D3C8000C52AC1 /* Demo */ = {
			isa = PBXGroup;
			children = (
				D052D41C294B0712007F3667 /* Utils */,
				D075D186289D3C8000C52AC1 /* DemoApp.swift */,
				D07D0D82298A89E000B022DD /* AppDelegate.swift */,
				D07A13692A370CFE00EFEB07 /* StudentLoginViews */,
				D01357A6293B350900F476FD /* Views */,
				D013579F293B2B3C00F476FD /* Constants+ Extension */,
				D03C580C28B60D80008455FA /* Nested Api */,
				D043DF9E289E7B0600159269 /* UserAuth.swift */,
				D05449B128A0EA5B006A17E9 /* VideoPlayerView.swift */,
				D0989B4128A3B3ED00B24B55 /* ExView.swift */,
				D075D188289D3C8000C52AC1 /* ContentView.swift */,
				D0541349293F3AC300826D8B /* LoginAPiView.swift */,
				D0989B4428A3E9A700B24B55 /* ReadingSectionView.swift */,
				D056EDD028A128E3005BC4FC /* NewsAPIView.swift */,
				D0989B3928A3990200B24B55 /* GridLayoutView.swift */,
				D055AAC428A2705C00F46706 /* dataType.swift */,
				D055AABC28A2500900F46706 /* webView.swift */,
				D058C95F28B4A40800BDBEF1 /* Side Menu */,
				D03EA39528A792CF00D9C4E8 /* PDFEx */,
				D075D18A289D3C8100C52AC1 /* Assets.xcassets */,
				D02D4FB029794538006318E4 /* GoogleService-Info.plist */,
				D075D18C289D3C8100C52AC1 /* Preview Content */,
				D055FD4A28B36765009059F7 /* ModelView.swift */,
			);
			path = Demo;
			sourceTree = "<group>";
		};
		D075D18C289D3C8100C52AC1 /* Preview Content */ = {
			isa = PBXGroup;
			children = (
				D075D18D289D3C8100C52AC1 /* Preview Assets.xcassets */,
				D043DF80289E423600159269 /* CkeckoutView.swift */,
			);
			path = "Preview Content";
			sourceTree = "<group>";
		};
		D075D196289D3C8100C52AC1 /* DemoTests */ = {
			isa = PBXGroup;
			children = (
				D075D197289D3C8100C52AC1 /* DemoTests.swift */,
			);
			path = DemoTests;
			sourceTree = "<group>";
		};
		D075D1A0289D3C8100C52AC1 /* DemoUITests */ = {
			isa = PBXGroup;
			children = (
				D075D1A1289D3C8100C52AC1 /* DemoUITests.swift */,
				D075D1A3289D3C8100C52AC1 /* DemoUITestsLaunchTests.swift */,
			);
			path = DemoUITests;
			sourceTree = "<group>";
		};
		D07A13692A370CFE00EFEB07 /* StudentLoginViews */ = {
			isa = PBXGroup;
			children = (
				D06C19882A3DB344003EC996 /* StudentBookBundleViews */,
				D065C80B2A3C488800C1F6A6 /* StudentAssignmentViews */,
				D07285242A3B2A3F0040EDDF /* StudentCourseViews */,
				D08CD20F2A3993D300ABFEE7 /* School Library Views */,
				D07A136C2A370E4B00EFEB07 /* StudentDashBoard */,
			);
			path = StudentLoginViews;
			sourceTree = "<group>";
		};
		D07A136C2A370E4B00EFEB07 /* StudentDashBoard */ = {
			isa = PBXGroup;
			children = (
				D07A136A2A370D2100EFEB07 /* StudentDashBoardView.swift */,
			);
			path = StudentDashBoard;
			sourceTree = "<group>";
		};
		D07C859A29E92F14001DBBAF /* User Guide Entities */ = {
			isa = PBXGroup;
			children = (
				D07C859B29E92F43001DBBAF /* UserGuideView.swift */,
				D07C859D29E94C0D001DBBAF /* UserGuidePdfView.swift */,
			);
			name = "User Guide Entities";
			sourceTree = "<group>";
		};
		D07E07862A13A39400C94229 /* GIF Files */ = {
			isa = PBXGroup;
			children = (
				D0FF580B2A16174E00CE9894 /* Video.mp4 */,
				D07E078B2A13AAE200C94229 /* music.gif */,
				D07E07872A13A3EC00C94229 /* sound.gif */,
			);
			path = "GIF Files";
			sourceTree = "<group>";
		};
		D08C56DD29DE9BF600C566CD /* Libraries Entities */ = {
			isa = PBXGroup;
			children = (
				D08C56DE29DE9C2300C566CD /* LibrariesView.swift */,
				D08C56E029DEBF0900C566CD /* LibraryView.swift */,
				D03ACD4D29DEE92E000E3D41 /* NavHeaderClosure.swift */,
				D086C03A29E0174400CD7F38 /* SelfLibraryView.swift */,
				D086C03C29E03A5F00CD7F38 /* GuestUserUploadView.swift */,
				D07D7A2E29E168F70062FA9E /* GuestUserStackView.swift */,
				D02BC0AC29E43DF20054BE91 /* GuestStackBookListView.swift */,
				D076764129E5383500B57FE7 /* PagerTabStripView.swift */,
				D0774D0929F6617400C4EF24 /* BookRequestListShowView.swift */,
			);
			name = "Libraries Entities";
			sourceTree = "<group>";
		};
		D08CD20F2A3993D300ABFEE7 /* School Library Views */ = {
			isa = PBXGroup;
			children = (
				D08CD2102A39948A00ABFEE7 /* SchoolLibraryView.swift */,
				D08CD2122A39A53000ABFEE7 /* StudentUserUploadView.swift */,
				D08CD2142A39D39C00ABFEE7 /* StudentUserStackView.swift */,
			);
			path = "School Library Views";
			sourceTree = "<group>";
		};
/* End PBXGroup section */

/* Begin PBXNativeTarget section */
		D075D182289D3C8000C52AC1 /* Demo */ = {
			isa = PBXNativeTarget;
			buildConfigurationList = D075D1A7289D3C8100C52AC1 /* Build configuration list for PBXNativeTarget "Demo" */;
			buildPhases = (
				D075D17F289D3C8000C52AC1 /* Sources */,
				D075D180289D3C8000C52AC1 /* Frameworks */,
				D075D181289D3C8000C52AC1 /* Resources */,
			);
			buildRules = (
			);
			dependencies = (
			);
			name = Demo;
			packageProductDependencies = (
				D0FF58022A160BB400CE9894 /* Marquee */,
				D0FF58052A1610B000CE9894 /* RichText */,
				D0FF58082A1610E600CE9894 /* AlertToast */,
				D08BA14B2A1B972D002FD063 /* PureSwiftUI */,
				D09DD9592A305D430052601D /* XCDYouTubeKit */,
				D0871D022A32F79E0000DCA5 /* YouTubePlayerKit */,
			);
			productName = Demo;
			productReference = D055AAB928A219EF00F46706 /* Demo.app */;
			productType = "com.apple.product-type.application";
		};
		D075D192289D3C8100C52AC1 /* DemoTests */ = {
			isa = PBXNativeTarget;
			buildConfigurationList = D075D1AA289D3C8100C52AC1 /* Build configuration list for PBXNativeTarget "DemoTests" */;
			buildPhases = (
				D075D18F289D3C8100C52AC1 /* Sources */,
				D075D190289D3C8100C52AC1 /* Frameworks */,
				D075D191289D3C8100C52AC1 /* Resources */,
			);
			buildRules = (
			);
			dependencies = (
				D075D195289D3C8100C52AC1 /* PBXTargetDependency */,
			);
			name = DemoTests;
			productName = DemoTests;
			productReference = D0522F9C293DB98500B26278 /* DemoTests.xctest */;
			productType = "com.apple.product-type.bundle.unit-test";
		};
		D075D19C289D3C8100C52AC1 /* DemoUITests */ = {
			isa = PBXNativeTarget;
			buildConfigurationList = D075D1AD289D3C8100C52AC1 /* Build configuration list for PBXNativeTarget "DemoUITests" */;
			buildPhases = (
				D075D199289D3C8100C52AC1 /* Sources */,
				D075D19A289D3C8100C52AC1 /* Frameworks */,
				D075D19B289D3C8100C52AC1 /* Resources */,
			);
			buildRules = (
			);
			dependencies = (
				D075D19F289D3C8100C52AC1 /* PBXTargetDependency */,
			);
			name = DemoUITests;
			productName = DemoUITests;
			productReference = D0522F9D293DB98500B26278 /* DemoUITests.xctest */;
			productType = "com.apple.product-type.bundle.ui-testing";
		};
/* End PBXNativeTarget section */

/* Begin PBXProject section */
		D075D17B289D3C8000C52AC1 /* Project object */ = {
			isa = PBXProject;
			attributes = {
				BuildIndependentTargetsInParallel = 1;
				LastSwiftUpdateCheck = 1340;
				LastUpgradeCheck = 1340;
				TargetAttributes = {
					D075D182289D3C8000C52AC1 = {
						CreatedOnToolsVersion = 13.4.1;
					};
					D075D192289D3C8100C52AC1 = {
						CreatedOnToolsVersion = 13.4.1;
						TestTargetID = D075D182289D3C8000C52AC1;
					};
					D075D19C289D3C8100C52AC1 = {
						CreatedOnToolsVersion = 13.4.1;
						TestTargetID = D075D182289D3C8000C52AC1;
					};
				};
			};
			buildConfigurationList = D075D17E289D3C8000C52AC1 /* Build configuration list for PBXProject "Demo" */;
			compatibilityVersion = "Xcode 13.0";
			developmentRegion = en;
			hasScannedForEncodings = 0;
			knownRegions = (
				en,
				Base,
			);
			mainGroup = D075D17A289D3C8000C52AC1;
			packageReferences = (
				D01357AB293B479A00F476FD /* XCRemoteSwiftPackageReference "ImageSlideshow" */,
				D049496C2983D12600F88DB7 /* XCRemoteSwiftPackageReference "SideMenu" */,
				D023AB2629C87AB9002C4842 /* XCRemoteSwiftPackageReference "PagerTabStripView" */,
				D0FF58012A160BB400CE9894 /* XCRemoteSwiftPackageReference "Marquee" */,
				D0FF58042A1610B000CE9894 /* XCRemoteSwiftPackageReference "RichText" */,
				D0FF58072A1610E600CE9894 /* XCRemoteSwiftPackageReference "AlertToast" */,
				D08BA14A2A1B972D002FD063 /* XCRemoteSwiftPackageReference "pure-swift-ui" */,
				D09DD9582A305D430052601D /* XCRemoteSwiftPackageReference "XCDYouTubeKit" */,
				D0871D012A32F79E0000DCA5 /* XCRemoteSwiftPackageReference "YouTubePlayerKit" */,
			);
			productRefGroup = D075D17A289D3C8000C52AC1;
			projectDirPath = "";
			projectRoot = "";
			targets = (
				D075D182289D3C8000C52AC1 /* Demo */,
				D075D192289D3C8100C52AC1 /* DemoTests */,
				D075D19C289D3C8100C52AC1 /* DemoUITests */,
			);
		};
/* End PBXProject section */

/* Begin PBXResourcesBuildPhase section */
		D075D181289D3C8000C52AC1 /* Resources */ = {
			isa = PBXResourcesBuildPhase;
			buildActionMask = 2147483647;
			files = (
				D04DD6A928ACD886004C8773 /* document.pdf in Resources */,
				D075D18E289D3C8100C52AC1 /* Preview Assets.xcassets in Resources */,
				D07E07882A13A3ED00C94229 /* sound.gif in Resources */,
				D07E078C2A13AAE200C94229 /* music.gif in Resources */,
				D075D18B289D3C8100C52AC1 /* Assets.xcassets in Resources */,
			);
			runOnlyForDeploymentPostprocessing = 0;
		};
		D075D191289D3C8100C52AC1 /* Resources */ = {
			isa = PBXResourcesBuildPhase;
			buildActionMask = 2147483647;
			files = (
			);
			runOnlyForDeploymentPostprocessing = 0;
		};
		D075D19B289D3C8100C52AC1 /* Resources */ = {
			isa = PBXResourcesBuildPhase;
			buildActionMask = 2147483647;
			files = (
			);
			runOnlyForDeploymentPostprocessing = 0;
		};
/* End PBXResourcesBuildPhase section */

/* Begin PBXSourcesBuildPhase section */
		D075D17F289D3C8000C52AC1 /* Sources */ = {
			isa = PBXSourcesBuildPhase;
			buildActionMask = 2147483647;
			files = (
				D054134A293F3AC300826D8B /* LoginAPiView.swift in Sources */,
				D04888FE2947103800FB5A6F /* ReadCreditView.swift in Sources */,
				D075D189289D3C8000C52AC1 /* ContentView.swift in Sources */,
				D086C03D29E03A5F00CD7F38 /* GuestUserUploadView.swift in Sources */,
				D0522FA5293DECB800B26278 /* StacksView.swift in Sources */,
				D069105029C06DA100C5568A /* GuestPublishedView.swift in Sources */,
				D0774D0A29F6617400C4EF24 /* BookRequestListShowView.swift in Sources */,
				D051F5B229AF69900072CA67 /* GuestDeleteListView.swift in Sources */,
				D08C56DF29DE9C2300C566CD /* LibrariesView.swift in Sources */,
				D0989B4528A3E9A700B24B55 /* ReadingSectionView.swift in Sources */,
				D08CD2112A39948A00ABFEE7 /* SchoolLibraryView.swift in Sources */,
				D099EE022959A21A001E4DFE /* AuthenticationModel.swift in Sources */,
				D04A064229A608A00032AAFC /* TimerView.swift in Sources */,
				D058C96328B4B1F800BDBEF1 /* SideMenuViews.swift in Sources */,
				D075D187289D3C8000C52AC1 /* DemoApp.swift in Sources */,
				D065C80D2A3C48A300C1F6A6 /* StudentAssignmentView.swift in Sources */,
				D069104E29C05F4300C5568A /* AlibraryWebView.swift in Sources */,
				D05AEC8A29CAEBF400D92174 /* BookThumbnailView.swift in Sources */,
				D047013F2943397C00EDB8C5 /* NotificationsView.swift in Sources */,
				D01357A3293B2C4B00F476FD /* UnderlineTextField.swift in Sources */,
				D044C587299A62F200881D26 /* ShareView.swift in Sources */,
				D05B931A29D31C9D00D66392 /* MagazineBannerView.swift in Sources */,
				D05417D4295C41F500E3ABB2 /* PrimePurchageAlertView.swift in Sources */,
				D05031642A2DBA03002C8BD1 /* AppInfo.swift in Sources */,
				D05D428E29CD7B750057EB90 /* LatestMagazineView.swift in Sources */,
				D039FCA728B77A070006DB32 /* SearchMenu.swift in Sources */,
				D058C96A28B5075F00BDBEF1 /* CorouselView.swift in Sources */,
				D0488900294711FC00FB5A6F /* AboutUsAlertView.swift in Sources */,
				D04B79F329A0C74800D511D0 /* SubscribeView.swift in Sources */,
				D0472E9B2954372F00E84B1E /* HomePublisherView.swift in Sources */,
				D01357A8293B352A00F476FD /* ProfileView.swift in Sources */,
				D0522F9F293DC63D00B26278 /* String+Extension.swift in Sources */,
				D02D4FB329796649006318E4 /* QRGeneratorView.swift in Sources */,
				D0522FA3293DD3E800B26278 /* CustomNavBarView.swift in Sources */,
				D042B0CE2940B62B00026875 /* JWTAuthExample.swift in Sources */,
				D08BA0B8299B763300886C8D /* ShowBooksDetailsPopUpView.swift in Sources */,
				D07A136B2A370D2100EFEB07 /* StudentDashBoardView.swift in Sources */,
				D0FDC6642954729900044E7D /* ProgressView.swift in Sources */,
				D056FDBB29DD585D001EDFE2 /* BookReportView.swift in Sources */,
				D069541929C841DA00DE47EF /* PDFKitViews.swift in Sources */,
				D0522FA7293E070300B26278 /* UploadListView.swift in Sources */,
				D01357A1293B2BED00F476FD /* CustomFloatingTextField.swift in Sources */,
				D069541729C841A500DE47EF /* SearchContentView.swift in Sources */,
				D0989B3A28A3990200B24B55 /* GridLayoutView.swift in Sources */,
				D0FEA7DC29504D0A005054A4 /* PrimeBooksCollectionView.swift in Sources */,
				D07C859E29E94C0D001DBBAF /* UserGuidePdfView.swift in Sources */,
				D099EE042959C590001E4DFE /* GuestProfileView.swift in Sources */,
				D043DF9F289E7B0600159269 /* UserAuth.swift in Sources */,
				D043DF81289E423600159269 /* CkeckoutView.swift in Sources */,
				D07929E0299643F300D86174 /* StackBookListView.swift in Sources */,
				D08C56E129DEBF0900C566CD /* LibraryView.swift in Sources */,
				D056EDD128A128E3005BC4FC /* NewsAPIView.swift in Sources */,
				D0337BA629559B7E009C3367 /* LoginPlansView.swift in Sources */,
				D01357AD293B47B900F476FD /* ImageSliderViews.swift in Sources */,
				D049B70B29AA25D7008B2AC5 /* GuestUploadListView.swift in Sources */,
				D0FDC669295482AA00044E7D /* Marquees+Extension.swift in Sources */,
				D055AAC528A2705C00F46706 /* dataType.swift in Sources */,
				D08CD2132A39A53000ABFEE7 /* StudentUserUploadView.swift in Sources */,
				D04581D1297E7D9400B32575 /* PurchagedBooksView.swift in Sources */,
				D0522FA1293DD32B00B26278 /* DashboardTileView.swift in Sources */,
				D0745A5529FD28A1005727B8 /* LectureVideoView.swift in Sources */,
				D0735EDA29728D8600E862FE /* CustomAlertView.swift in Sources */,
				D07C859C29E92F43001DBBAF /* UserGuideView.swift in Sources */,
				D05640DC29AB75FF0076DA54 /* GuestDraftView.swift in Sources */,
				D056FDBD29DD6E62001EDFE2 /* BookQRCodeView.swift in Sources */,
				D04E1B9B29BC6C46000EFDD1 /* ReportedBooklistView.swift in Sources */,
				D056960829B0B70300890EC0 /* GuestUnPublishedView.swift in Sources */,
				D07285262A3B2A630040EDDF /* StudentCourseView.swift in Sources */,
				D0989B4228A3B3ED00B24B55 /* ExView.swift in Sources */,
				D03EA39928A7960400D9C4E8 /* PDFKitView.swift in Sources */,
				D03EA39728A792E700D9C4E8 /* HomeView.swift in Sources */,
				D055AABD28A2500900F46706 /* webView.swift in Sources */,
				D055FD4B28B36765009059F7 /* ModelView.swift in Sources */,
				D05267D72956E4770030B70D /* LoginPlanViewModel.swift in Sources */,
				D086C03B29E0174400CD7F38 /* SelfLibraryView.swift in Sources */,
				D07D7A2F29E168F70062FA9E /* GuestUserStackView.swift in Sources */,
				D07338FF2A273F1F00280D48 /* MACAddressView.swift in Sources */,
				D04889042947447A00FB5A6F /* JWTAuthenticationExampleView.swift in Sources */,
				D06C198A2A3DB382003EC996 /* StudentBookBundleView.swift in Sources */,
				D02BC0AD29E43DF20054BE91 /* GuestStackBookListView.swift in Sources */,
				D06ADA372966B9F00068277C /* CopyRightView.swift in Sources */,
				D0FEA7D52950487B005054A4 /* HttpUtils.swift in Sources */,
				D03ACD4E29DEE92E000E3D41 /* NavHeaderClosure.swift in Sources */,
				D04889022947125400FB5A6F /* HtmlFormattedText.swift in Sources */,
				D03FA9F32952FA4600C09495 /* CategoriesView.swift in Sources */,
				D07F4F9C2A0E22CE0064C9E5 /* LectureAudioView.swift in Sources */,
				D01357AA293B3BB300F476FD /* AccountSettingView.swift in Sources */,
				D08CD2152A39D39C00ABFEE7 /* StudentUserStackView.swift in Sources */,
				D07D0D83298A89E000B022DD /* AppDelegate.swift in Sources */,
				D078FCE82969670E00AE82A8 /* CorouserView.swift in Sources */,
				D07E07832A13A28700C94229 /* GifImageView.swift in Sources */,
				D07857A029F905A800AFFE60 /* GuestLoginSidemenuView.swift in Sources */,
				D05449B228A0EA5B006A17E9 /* VideoPlayerView.swift in Sources */,
				D04DD6A728ACCB51004C8773 /* PSPDFKITView.swift in Sources */,
				D03EA39E28A79F7700D9C4E8 /* DocumentView.swift in Sources */,
				D090163B29DC0123008F29E0 /* ToastView.swift in Sources */,
				D052D41E294B0742007F3667 /* ApiUtils.swift in Sources */,
				D054887D28B0DF4A0076FDCA /* modelData.swift in Sources */,
				D02002A3295DB8850090E1E5 /* LoginPageView.swift in Sources */,
				D076764229E5383500B57FE7 /* PagerTabStripView.swift in Sources */,
				D05B931829D2D93E00D66392 /* ImageAutoSlider.swift in Sources */,
				D057F2B9296D818500ED964E /* UserAccountSettingView.swift in Sources */,
				D05C2BC429A76A1300311832 /* BookRequestView.swift in Sources */,
				D0EB986B28AF89A3000914EF /* PdfPage.swift in Sources */,
				D01357A5293B2DA000F476FD /* DropdownSelector.swift in Sources */,
				D0F6251B295B136E007676CF /* GetAuthenticationViewModel.swift in Sources */,
				D08BA0BA299BA7BB00886C8D /* PaymentHistoryView.swift in Sources */,
			);
			runOnlyForDeploymentPostprocessing = 0;
		};
		D075D18F289D3C8100C52AC1 /* Sources */ = {
			isa = PBXSourcesBuildPhase;
			buildActionMask = 2147483647;
			files = (
				D075D198289D3C8100C52AC1 /* DemoTests.swift in Sources */,
			);
			runOnlyForDeploymentPostprocessing = 0;
		};
		D075D199289D3C8100C52AC1 /* Sources */ = {
			isa = PBXSourcesBuildPhase;
			buildActionMask = 2147483647;
			files = (
				D075D1A2289D3C8100C52AC1 /* DemoUITests.swift in Sources */,
				D075D1A4289D3C8100C52AC1 /* DemoUITestsLaunchTests.swift in Sources */,
			);
			runOnlyForDeploymentPostprocessing = 0;
		};
/* End PBXSourcesBuildPhase section */

/* Begin PBXTargetDependency section */
		D075D195289D3C8100C52AC1 /* PBXTargetDependency */ = {
			isa = PBXTargetDependency;
			target = D075D182289D3C8000C52AC1 /* Demo */;
			targetProxy = D075D194289D3C8100C52AC1 /* PBXContainerItemProxy */;
		};
		D075D19F289D3C8100C52AC1 /* PBXTargetDependency */ = {
			isa = PBXTargetDependency;
			target = D075D182289D3C8000C52AC1 /* Demo */;
			targetProxy = D075D19E289D3C8100C52AC1 /* PBXContainerItemProxy */;
		};
/* End PBXTargetDependency section */

/* Begin XCBuildConfiguration section */
		D075D1A5289D3C8100C52AC1 /* Debug */ = {
			isa = XCBuildConfiguration;
			buildSettings = {
				ALWAYS_SEARCH_USER_PATHS = NO;
				CLANG_ANALYZER_NONNULL = YES;
				CLANG_ANALYZER_NUMBER_OBJECT_CONVERSION = YES_AGGRESSIVE;
				CLANG_CXX_LANGUAGE_STANDARD = "gnu++17";
				CLANG_ENABLE_MODULES = YES;
				CLANG_ENABLE_OBJC_ARC = YES;
				CLANG_ENABLE_OBJC_WEAK = YES;
				CLANG_WARN_BLOCK_CAPTURE_AUTORELEASING = YES;
				CLANG_WARN_BOOL_CONVERSION = YES;
				CLANG_WARN_COMMA = YES;
				CLANG_WARN_CONSTANT_CONVERSION = YES;
				CLANG_WARN_DEPRECATED_OBJC_IMPLEMENTATIONS = YES;
				CLANG_WARN_DIRECT_OBJC_ISA_USAGE = YES_ERROR;
				CLANG_WARN_DOCUMENTATION_COMMENTS = YES;
				CLANG_WARN_EMPTY_BODY = YES;
				CLANG_WARN_ENUM_CONVERSION = YES;
				CLANG_WARN_INFINITE_RECURSION = YES;
				CLANG_WARN_INT_CONVERSION = YES;
				CLANG_WARN_NON_LITERAL_NULL_CONVERSION = YES;
				CLANG_WARN_OBJC_IMPLICIT_RETAIN_SELF = YES;
				CLANG_WARN_OBJC_LITERAL_CONVERSION = YES;
				CLANG_WARN_OBJC_ROOT_CLASS = YES_ERROR;
				CLANG_WARN_QUOTED_INCLUDE_IN_FRAMEWORK_HEADER = YES;
				CLANG_WARN_RANGE_LOOP_ANALYSIS = YES;
				CLANG_WARN_STRICT_PROTOTYPES = YES;
				CLANG_WARN_SUSPICIOUS_MOVE = YES;
				CLANG_WARN_UNGUARDED_AVAILABILITY = YES_AGGRESSIVE;
				CLANG_WARN_UNREACHABLE_CODE = YES;
				CLANG_WARN__DUPLICATE_METHOD_MATCH = YES;
				COPY_PHASE_STRIP = NO;
				DEBUG_INFORMATION_FORMAT = dwarf;
				ENABLE_STRICT_OBJC_MSGSEND = YES;
				ENABLE_TESTABILITY = YES;
				GCC_C_LANGUAGE_STANDARD = gnu11;
				GCC_DYNAMIC_NO_PIC = NO;
				GCC_NO_COMMON_BLOCKS = YES;
				GCC_OPTIMIZATION_LEVEL = 0;
				GCC_PREPROCESSOR_DEFINITIONS = (
					"DEBUG=1",
					"$(inherited)",
				);
				GCC_WARN_64_TO_32_BIT_CONVERSION = YES;
				GCC_WARN_ABOUT_RETURN_TYPE = YES_ERROR;
				GCC_WARN_UNDECLARED_SELECTOR = YES;
				GCC_WARN_UNINITIALIZED_AUTOS = YES_AGGRESSIVE;
				GCC_WARN_UNUSED_FUNCTION = YES;
				GCC_WARN_UNUSED_VARIABLE = YES;
				IPHONEOS_DEPLOYMENT_TARGET = 15.0;
				MTL_ENABLE_DEBUG_INFO = INCLUDE_SOURCE;
				MTL_FAST_MATH = YES;
				ONLY_ACTIVE_ARCH = YES;
				SDKROOT = iphoneos;
				SWIFT_ACTIVE_COMPILATION_CONDITIONS = DEBUG;
				SWIFT_OPTIMIZATION_LEVEL = "-Onone";
			};
			name = Debug;
		};
		D075D1A6289D3C8100C52AC1 /* Release */ = {
			isa = XCBuildConfiguration;
			buildSettings = {
				ALWAYS_SEARCH_USER_PATHS = NO;
				CLANG_ANALYZER_NONNULL = YES;
				CLANG_ANALYZER_NUMBER_OBJECT_CONVERSION = YES_AGGRESSIVE;
				CLANG_CXX_LANGUAGE_STANDARD = "gnu++17";
				CLANG_ENABLE_MODULES = YES;
				CLANG_ENABLE_OBJC_ARC = YES;
				CLANG_ENABLE_OBJC_WEAK = YES;
				CLANG_WARN_BLOCK_CAPTURE_AUTORELEASING = YES;
				CLANG_WARN_BOOL_CONVERSION = YES;
				CLANG_WARN_COMMA = YES;
				CLANG_WARN_CONSTANT_CONVERSION = YES;
				CLANG_WARN_DEPRECATED_OBJC_IMPLEMENTATIONS = YES;
				CLANG_WARN_DIRECT_OBJC_ISA_USAGE = YES_ERROR;
				CLANG_WARN_DOCUMENTATION_COMMENTS = YES;
				CLANG_WARN_EMPTY_BODY = YES;
				CLANG_WARN_ENUM_CONVERSION = YES;
				CLANG_WARN_INFINITE_RECURSION = YES;
				CLANG_WARN_INT_CONVERSION = YES;
				CLANG_WARN_NON_LITERAL_NULL_CONVERSION = YES;
				CLANG_WARN_OBJC_IMPLICIT_RETAIN_SELF = YES;
				CLANG_WARN_OBJC_LITERAL_CONVERSION = YES;
				CLANG_WARN_OBJC_ROOT_CLASS = YES_ERROR;
				CLANG_WARN_QUOTED_INCLUDE_IN_FRAMEWORK_HEADER = YES;
				CLANG_WARN_RANGE_LOOP_ANALYSIS = YES;
				CLANG_WARN_STRICT_PROTOTYPES = YES;
				CLANG_WARN_SUSPICIOUS_MOVE = YES;
				CLANG_WARN_UNGUARDED_AVAILABILITY = YES_AGGRESSIVE;
				CLANG_WARN_UNREACHABLE_CODE = YES;
				CLANG_WARN__DUPLICATE_METHOD_MATCH = YES;
				COPY_PHASE_STRIP = NO;
				DEBUG_INFORMATION_FORMAT = "dwarf-with-dsym";
				ENABLE_NS_ASSERTIONS = NO;
				ENABLE_STRICT_OBJC_MSGSEND = YES;
				GCC_C_LANGUAGE_STANDARD = gnu11;
				GCC_NO_COMMON_BLOCKS = YES;
				GCC_WARN_64_TO_32_BIT_CONVERSION = YES;
				GCC_WARN_ABOUT_RETURN_TYPE = YES_ERROR;
				GCC_WARN_UNDECLARED_SELECTOR = YES;
				GCC_WARN_UNINITIALIZED_AUTOS = YES_AGGRESSIVE;
				GCC_WARN_UNUSED_FUNCTION = YES;
				GCC_WARN_UNUSED_VARIABLE = YES;
				IPHONEOS_DEPLOYMENT_TARGET = 15.0;
				MTL_ENABLE_DEBUG_INFO = NO;
				MTL_FAST_MATH = YES;
				SDKROOT = iphoneos;
				SWIFT_COMPILATION_MODE = wholemodule;
				SWIFT_OPTIMIZATION_LEVEL = "-O";
				VALIDATE_PRODUCT = YES;
			};
			name = Release;
		};
		D075D1A8289D3C8100C52AC1 /* Debug */ = {
			isa = XCBuildConfiguration;
			buildSettings = {
				ASSETCATALOG_COMPILER_APPICON_NAME = AppIcon;
				ASSETCATALOG_COMPILER_GLOBAL_ACCENT_COLOR_NAME = AccentColor;
				ASSETCATALOG_COMPILER_INCLUDE_ALL_APPICON_ASSETS = YES;
				CODE_SIGN_STYLE = Automatic;
				CURRENT_PROJECT_VERSION = 1;
				DEVELOPMENT_ASSET_PATHS = "\"Demo/Preview Content\"";
				DEVELOPMENT_TEAM = 5G5G67QRH5;
				ENABLE_PREVIEWS = YES;
				GENERATE_INFOPLIST_FILE = YES;
				INFOPLIST_FILE = Demo/Info.plist;
				INFOPLIST_KEY_CFBundleDisplayName = AnupDemo;
				INFOPLIST_KEY_LSApplicationCategoryType = "public.app-category.education";
				INFOPLIST_KEY_UIApplicationSceneManifest_Generation = YES;
				INFOPLIST_KEY_UIApplicationSupportsIndirectInputEvents = YES;
				INFOPLIST_KEY_UILaunchScreen_Generation = YES;
				INFOPLIST_KEY_UISupportedInterfaceOrientations = "UIInterfaceOrientationLandscapeLeft UIInterfaceOrientationLandscapeRight UIInterfaceOrientationPortrait UIInterfaceOrientationPortraitUpsideDown";
				IPHONEOS_DEPLOYMENT_TARGET = 15.0;
				LD_RUNPATH_SEARCH_PATHS = (
					"$(inherited)",
					"@executable_path/Frameworks",
				);
				MARKETING_VERSION = 1.0;
				PRODUCT_BUNDLE_IDENTIFIER = com.primeitzen.Demo;
				PRODUCT_NAME = "$(TARGET_NAME)";
				SWIFT_EMIT_LOC_STRINGS = YES;
				SWIFT_VERSION = 5.0;
				TARGETED_DEVICE_FAMILY = "1,2";
			};
			name = Debug;
		};
		D075D1A9289D3C8100C52AC1 /* Release */ = {
			isa = XCBuildConfiguration;
			buildSettings = {
				ASSETCATALOG_COMPILER_APPICON_NAME = AppIcon;
				ASSETCATALOG_COMPILER_GLOBAL_ACCENT_COLOR_NAME = AccentColor;
				ASSETCATALOG_COMPILER_INCLUDE_ALL_APPICON_ASSETS = YES;
				CODE_SIGN_STYLE = Automatic;
				CURRENT_PROJECT_VERSION = 1;
				DEVELOPMENT_ASSET_PATHS = "\"Demo/Preview Content\"";
				DEVELOPMENT_TEAM = 5G5G67QRH5;
				ENABLE_PREVIEWS = YES;
				GENERATE_INFOPLIST_FILE = YES;
				INFOPLIST_FILE = Demo/Info.plist;
				INFOPLIST_KEY_CFBundleDisplayName = AnupDemo;
				INFOPLIST_KEY_LSApplicationCategoryType = "public.app-category.education";
				INFOPLIST_KEY_UIApplicationSceneManifest_Generation = YES;
				INFOPLIST_KEY_UIApplicationSupportsIndirectInputEvents = YES;
				INFOPLIST_KEY_UILaunchScreen_Generation = YES;
				INFOPLIST_KEY_UISupportedInterfaceOrientations = "UIInterfaceOrientationLandscapeLeft UIInterfaceOrientationLandscapeRight UIInterfaceOrientationPortrait UIInterfaceOrientationPortraitUpsideDown";
				IPHONEOS_DEPLOYMENT_TARGET = 15.0;
				LD_RUNPATH_SEARCH_PATHS = (
					"$(inherited)",
					"@executable_path/Frameworks",
				);
				MARKETING_VERSION = 1.0;
				PRODUCT_BUNDLE_IDENTIFIER = com.primeitzen.Demo;
				PRODUCT_NAME = "$(TARGET_NAME)";
				SWIFT_EMIT_LOC_STRINGS = YES;
				SWIFT_VERSION = 5.0;
				TARGETED_DEVICE_FAMILY = "1,2";
			};
			name = Release;
		};
		D075D1AB289D3C8100C52AC1 /* Debug */ = {
			isa = XCBuildConfiguration;
			buildSettings = {
				ALWAYS_EMBED_SWIFT_STANDARD_LIBRARIES = YES;
				BUNDLE_LOADER = "$(TEST_HOST)";
				CODE_SIGN_STYLE = Automatic;
				CURRENT_PROJECT_VERSION = 1;
				GENERATE_INFOPLIST_FILE = YES;
				IPHONEOS_DEPLOYMENT_TARGET = 15.5;
				MARKETING_VERSION = 1.0;
				PRODUCT_BUNDLE_IDENTIFIER = com.primeitzen.DemoTests;
				PRODUCT_NAME = "$(TARGET_NAME)";
				SWIFT_EMIT_LOC_STRINGS = NO;
				SWIFT_VERSION = 5.0;
				TARGETED_DEVICE_FAMILY = "1,2";
				TEST_HOST = "$(BUILT_PRODUCTS_DIR)/Demo.app/Demo";
			};
			name = Debug;
		};
		D075D1AC289D3C8100C52AC1 /* Release */ = {
			isa = XCBuildConfiguration;
			buildSettings = {
				ALWAYS_EMBED_SWIFT_STANDARD_LIBRARIES = YES;
				BUNDLE_LOADER = "$(TEST_HOST)";
				CODE_SIGN_STYLE = Automatic;
				CURRENT_PROJECT_VERSION = 1;
				GENERATE_INFOPLIST_FILE = YES;
				IPHONEOS_DEPLOYMENT_TARGET = 15.5;
				MARKETING_VERSION = 1.0;
				PRODUCT_BUNDLE_IDENTIFIER = com.primeitzen.DemoTests;
				PRODUCT_NAME = "$(TARGET_NAME)";
				SWIFT_EMIT_LOC_STRINGS = NO;
				SWIFT_VERSION = 5.0;
				TARGETED_DEVICE_FAMILY = "1,2";
				TEST_HOST = "$(BUILT_PRODUCTS_DIR)/Demo.app/Demo";
			};
			name = Release;
		};
		D075D1AE289D3C8100C52AC1 /* Debug */ = {
			isa = XCBuildConfiguration;
			buildSettings = {
				ALWAYS_EMBED_SWIFT_STANDARD_LIBRARIES = YES;
				CODE_SIGN_STYLE = Automatic;
				CURRENT_PROJECT_VERSION = 1;
				GENERATE_INFOPLIST_FILE = YES;
				MARKETING_VERSION = 1.0;
				PRODUCT_BUNDLE_IDENTIFIER = com.primeitzen.DemoUITests;
				PRODUCT_NAME = "$(TARGET_NAME)";
				SWIFT_EMIT_LOC_STRINGS = NO;
				SWIFT_VERSION = 5.0;
				TARGETED_DEVICE_FAMILY = "1,2";
				TEST_TARGET_NAME = Demo;
			};
			name = Debug;
		};
		D075D1AF289D3C8100C52AC1 /* Release */ = {
			isa = XCBuildConfiguration;
			buildSettings = {
				ALWAYS_EMBED_SWIFT_STANDARD_LIBRARIES = YES;
				CODE_SIGN_STYLE = Automatic;
				CURRENT_PROJECT_VERSION = 1;
				GENERATE_INFOPLIST_FILE = YES;
				MARKETING_VERSION = 1.0;
				PRODUCT_BUNDLE_IDENTIFIER = com.primeitzen.DemoUITests;
				PRODUCT_NAME = "$(TARGET_NAME)";
				SWIFT_EMIT_LOC_STRINGS = NO;
				SWIFT_VERSION = 5.0;
				TARGETED_DEVICE_FAMILY = "1,2";
				TEST_TARGET_NAME = Demo;
			};
			name = Release;
		};
/* End XCBuildConfiguration section */

/* Begin XCConfigurationList section */
		D075D17E289D3C8000C52AC1 /* Build configuration list for PBXProject "Demo" */ = {
			isa = XCConfigurationList;
			buildConfigurations = (
				D075D1A5289D3C8100C52AC1 /* Debug */,
				D075D1A6289D3C8100C52AC1 /* Release */,
			);
			defaultConfigurationIsVisible = 0;
			defaultConfigurationName = Release;
		};
		D075D1A7289D3C8100C52AC1 /* Build configuration list for PBXNativeTarget "Demo" */ = {
			isa = XCConfigurationList;
			buildConfigurations = (
				D075D1A8289D3C8100C52AC1 /* Debug */,
				D075D1A9289D3C8100C52AC1 /* Release */,
			);
			defaultConfigurationIsVisible = 0;
			defaultConfigurationName = Release;
		};
		D075D1AA289D3C8100C52AC1 /* Build configuration list for PBXNativeTarget "DemoTests" */ = {
			isa = XCConfigurationList;
			buildConfigurations = (
				D075D1AB289D3C8100C52AC1 /* Debug */,
				D075D1AC289D3C8100C52AC1 /* Release */,
			);
			defaultConfigurationIsVisible = 0;
			defaultConfigurationName = Release;
		};
		D075D1AD289D3C8100C52AC1 /* Build configuration list for PBXNativeTarget "DemoUITests" */ = {
			isa = XCConfigurationList;
			buildConfigurations = (
				D075D1AE289D3C8100C52AC1 /* Debug */,
				D075D1AF289D3C8100C52AC1 /* Release */,
			);
			defaultConfigurationIsVisible = 0;
			defaultConfigurationName = Release;
		};
/* End XCConfigurationList section */

/* Begin XCRemoteSwiftPackageReference section */
		D01357AB293B479A00F476FD /* XCRemoteSwiftPackageReference "ImageSlideshow" */ = {
			isa = XCRemoteSwiftPackageReference;
			repositoryURL = "https://github.com/zvonicek/ImageSlideshow.git";
			requirement = {
				kind = upToNextMajorVersion;
				minimumVersion = 1.0.0;
			};
		};
		D023AB2629C87AB9002C4842 /* XCRemoteSwiftPackageReference "PagerTabStripView" */ = {
			isa = XCRemoteSwiftPackageReference;
			repositoryURL = "https://github.com/xmartlabs/PagerTabStripView.git";
			requirement = {
				kind = upToNextMajorVersion;
				minimumVersion = 4.0.0;
			};
		};
		D049496C2983D12600F88DB7 /* XCRemoteSwiftPackageReference "SideMenu" */ = {
			isa = XCRemoteSwiftPackageReference;
			repositoryURL = "https://github.com/Vidhyadharan-Mohanram/SideMenu";
			requirement = {
				kind = upToNextMinorVersion;
				minimumVersion = 0.1.0;
			};
		};
		D0871D012A32F79E0000DCA5 /* XCRemoteSwiftPackageReference "YouTubePlayerKit" */ = {
			isa = XCRemoteSwiftPackageReference;
			repositoryURL = "https://github.com/SvenTiigi/YouTubePlayerKit.git";
			requirement = {
				kind = upToNextMajorVersion;
				minimumVersion = 1.5.0;
			};
		};
		D08BA14A2A1B972D002FD063 /* XCRemoteSwiftPackageReference "pure-swift-ui" */ = {
			isa = XCRemoteSwiftPackageReference;
			repositoryURL = "https://github.com/CodeSlicing/pure-swift-ui.git";
			requirement = {
				kind = upToNextMajorVersion;
				minimumVersion = 3.0.0;
			};
		};
		D09DD9582A305D430052601D /* XCRemoteSwiftPackageReference "XCDYouTubeKit" */ = {
			isa = XCRemoteSwiftPackageReference;
			repositoryURL = "https://github.com/0xced/XCDYouTubeKit.git";
			requirement = {
				kind = upToNextMajorVersion;
				minimumVersion = 2.0.0;
			};
		};
		D0FF58012A160BB400CE9894 /* XCRemoteSwiftPackageReference "Marquee" */ = {
			isa = XCRemoteSwiftPackageReference;
			repositoryURL = "https://github.com/SwiftUIKit/Marquee.git";
			requirement = {
				kind = upToNextMinorVersion;
				minimumVersion = 0.3.0;
			};
		};
		D0FF58042A1610B000CE9894 /* XCRemoteSwiftPackageReference "RichText" */ = {
			isa = XCRemoteSwiftPackageReference;
			repositoryURL = "https://github.com/NuPlay/RichText.git";
			requirement = {
				kind = upToNextMajorVersion;
				minimumVersion = 2.0.0;
			};
		};
		D0FF58072A1610E600CE9894 /* XCRemoteSwiftPackageReference "AlertToast" */ = {
			isa = XCRemoteSwiftPackageReference;
			repositoryURL = "https://github.com/elai950/AlertToast.git";
			requirement = {
				kind = upToNextMajorVersion;
				minimumVersion = 1.0.0;
			};
		};
/* End XCRemoteSwiftPackageReference section */

/* Begin XCSwiftPackageProductDependency section */
		D0871D022A32F79E0000DCA5 /* YouTubePlayerKit */ = {
			isa = XCSwiftPackageProductDependency;
			package = D0871D012A32F79E0000DCA5 /* XCRemoteSwiftPackageReference "YouTubePlayerKit" */;
			productName = YouTubePlayerKit;
		};
		D08BA14B2A1B972D002FD063 /* PureSwiftUI */ = {
			isa = XCSwiftPackageProductDependency;
			package = D08BA14A2A1B972D002FD063 /* XCRemoteSwiftPackageReference "pure-swift-ui" */;
			productName = PureSwiftUI;
		};
		D09DD9592A305D430052601D /* XCDYouTubeKit */ = {
			isa = XCSwiftPackageProductDependency;
			package = D09DD9582A305D430052601D /* XCRemoteSwiftPackageReference "XCDYouTubeKit" */;
			productName = XCDYouTubeKit;
		};
		D0FF58022A160BB400CE9894 /* Marquee */ = {
			isa = XCSwiftPackageProductDependency;
			package = D0FF58012A160BB400CE9894 /* XCRemoteSwiftPackageReference "Marquee" */;
			productName = Marquee;
		};
		D0FF58052A1610B000CE9894 /* RichText */ = {
			isa = XCSwiftPackageProductDependency;
			package = D0FF58042A1610B000CE9894 /* XCRemoteSwiftPackageReference "RichText" */;
			productName = RichText;
		};
		D0FF58082A1610E600CE9894 /* AlertToast */ = {
			isa = XCSwiftPackageProductDependency;
			package = D0FF58072A1610E600CE9894 /* XCRemoteSwiftPackageReference "AlertToast" */;
			productName = AlertToast;
		};
/* End XCSwiftPackageProductDependency section */
	};
	rootObject = D075D17B289D3C8000C52AC1 /* Project object */;
}
