{
  "pins" : [
    {
      "identity" : "alamofire",
      "kind" : "remoteSourceControl",
      "location" : "https://github.com/Alamofire/Alamofire.git",
      "state" : {
        "branch" : "master",
        "revision" : "ce7f662709a152e840b130a158b9afef3402e146"
      }
    },
    {
      "identity" : "alamofireimage",
      "kind" : "remoteSourceControl",
      "location" : "https://github.com/Alamofire/AlamofireImage.git",
      "state" : {
        "revision" : "98cbb00ce0ec5fc8e52a5b50a6bfc08d3e5aee10",
        "version" : "4.2.0"
      }
    },
    {
      "identity" : "auth0.swift",
      "kind" : "remoteSourceControl",
      "location" : "https://github.com/auth0/Auth0.swift.git",
      "state" : {
        "revision" : "f60927196902e83934adc9407134994347f24db8",
        "version" : "2.3.2"
      }
    },
    {
      "identity" : "imageslideshow",
      "kind" : "remoteSourceControl",
      "location" : "https://github.com/zvonicek/ImageSlideshow.git",
      "state" : {
        "revision" : "a54e24d47944a1ca84c2a7bf03cb435425a9929d",
        "version" : "1.9.2"
      }
    },
    {
      "identity" : "jwtdecode.swift",
      "kind" : "remoteSourceControl",
      "location" : "https://github.com/auth0/JWTDecode.swift.git",
      "state" : {
        "revision" : "d07041068fed2d4b8a38f2b321ea6d97c9152c4a",
        "version" : "3.0.0"
      }
    },
    {
      "identity" : "kingfisher",
      "kind" : "remoteSourceControl",
      "location" : "https://github.com/onevcat/Kingfisher.git",
      "state" : {
        "revision" : "1a0c2df04b31ed7aa318354f3583faea24f006fc",
        "version" : "5.15.8"
      }
    },
    {
      "identity" : "listpagination",
      "kind" : "remoteSourceControl",
      "location" : "https://github.com/crelies/ListPagination.git",
      "state" : {
        "revision" : "af667b368a10512da79605b61698d53c11d24cbf",
        "version" : "0.1.1"
      }
    },
    {
      "identity" : "marquee",
      "kind" : "remoteSourceControl",
      "location" : "https://github.com/SwiftUIKit/Marquee.git",
      "state" : {
        "revision" : "69d7b7c6c34ed41d9299cfa8406f91f529c4fef3",
        "version" : "0.3.0"
      }
    },
    {
      "identity" : "pagertabstripview",
      "kind" : "remoteSourceControl",
      "location" : "https://github.com/xmartlabs/PagerTabStripView",
      "state" : {
        "branch" : "master",
        "revision" : "93217246a418fd28fb9967d42febf01601047311"
      }
    },
    {
      "identity" : "pspdfkit-sp",
      "kind" : "remoteSourceControl",
      "location" : "https://github.com/PSPDFKit/PSPDFKit-SP",
      "state" : {
        "revision" : "d77f7a93006e8db41dea72b1c7c20d1f72c37fea",
        "version" : "11.5.2"
      }
    },
    {
      "identity" : "sdwebimage",
      "kind" : "remoteSourceControl",
      "location" : "https://github.com/SDWebImage/SDWebImage.git",
      "state" : {
        "revision" : "3312bf5e67b52fbce7c3caf431b0cda721a9f7bb",
        "version" : "5.14.2"
      }
    },
    {
      "identity" : "sdwebimageswiftui",
      "kind" : "remoteSourceControl",
      "location" : "https://github.com/SDWebImage/SDWebImageSwiftUI.git",
      "state" : {
        "branch" : "master",
        "revision" : "ed288667c909c89127ab1b690113a3e397af3098"
      }
    },
    {
      "identity" : "simplekeychain",
      "kind" : "remoteSourceControl",
      "location" : "https://github.com/auth0/SimpleKeychain.git",
      "state" : {
        "revision" : "7f7be4a7dfc9164c2c66f95193cec9df9ac47d58",
        "version" : "1.0.1"
      }
    },
    {
      "identity" : "swiftkeychainwrapper",
      "kind" : "remoteSourceControl",
      "location" : "https://github.com/jrendel/SwiftKeychainWrapper",
      "state" : {
        "revision" : "185a3165346a03767101c4f62e9a545a0fe0530f",
        "version" : "4.0.1"
      }
    },
    {
      "identity" : "swiftui-drawer",
      "kind" : "remoteSourceControl",
      "location" : "https://github.com/maustinstar/swiftui-drawer.git",
      "state" : {
        "branch" : "master",
        "revision" : "6d22f5c1362bfa71f2915c28aebba343b9243363"
      }
    },
    {
      "identity" : "swiftyjson",
      "kind" : "remoteSourceControl",
      "location" : "https://github.com/SwiftyJSON/SwiftyJSON",
      "state" : {
        "branch" : "master",
        "revision" : "af1f7a2007d607fbe735c445f19080df4260fe8e"
      }
    }
  ],
  "version" : 2
}
